// !$*UTF8*$!
{
	archiveVersion = 1;
	classes = {
	};
	objectVersion = 50;
	objects = {

/* Begin PBXBuildFile section */
		E812315C245D7DDC00040C2B /* CatFeedlayout.swift in Sources */ = {isa = PBXBuildFile; fileRef = E812315B245D7DDC00040C2B /* CatFeedlayout.swift */; };
		E812315E245DA94100040C2B /* SingleViewFeedCell.swift in Sources */ = {isa = PBXBuildFile; fileRef = E812315D245DA94100040C2B /* SingleViewFeedCell.swift */; };
		E81ECDE224603F4800E9A63E /* BreedViewModel.swift in Sources */ = {isa = PBXBuildFile; fileRef = E81ECDE124603F4800E9A63E /* BreedViewModel.swift */; };
		E81ECDE42460440100E9A63E /* FeedViewModel.swift in Sources */ = {isa = PBXBuildFile; fileRef = E81ECDE32460440100E9A63E /* FeedViewModel.swift */; };
		E82667E2245C059900CBAEA7 /* FeedCollectionViewController.swift in Sources */ = {isa = PBXBuildFile; fileRef = E82667E1245C059900CBAEA7 /* FeedCollectionViewController.swift */; };
		E82667E4245C074900CBAEA7 /* UIView+Corners.swift in Sources */ = {isa = PBXBuildFile; fileRef = E82667E3245C074900CBAEA7 /* UIView+Corners.swift */; };
		E82667E8245C13D000CBAEA7 /* BreedDetailsCollectionViewCell.swift in Sources */ = {isa = PBXBuildFile; fileRef = E82667E7245C13D000CBAEA7 /* BreedDetailsCollectionViewCell.swift */; };
		E82667EC245C4B7C00CBAEA7 /* Label.swift in Sources */ = {isa = PBXBuildFile; fileRef = E82667EB245C4B7C00CBAEA7 /* Label.swift */; };
		E82667EE245C5CC500CBAEA7 /* SingleBreedCollectionViewCell.swift in Sources */ = {isa = PBXBuildFile; fileRef = E82667ED245C5CC500CBAEA7 /* SingleBreedCollectionViewCell.swift */; };
		E82667F0245C5FBC00CBAEA7 /* UIImage+Resizing.swift in Sources */ = {isa = PBXBuildFile; fileRef = E82667EF245C5FBC00CBAEA7 /* UIImage+Resizing.swift */; };
		E82B6CDA246D692400D6F38D /* UIView+Animation.swift in Sources */ = {isa = PBXBuildFile; fileRef = E82B6CD9246D692400D6F38D /* UIView+Animation.swift */; };
		E82B6CE0246D955700D6F38D /* CustomSegmentedController.swift in Sources */ = {isa = PBXBuildFile; fileRef = E82B6CDF246D955700D6F38D /* CustomSegmentedController.swift */; };
		E84B66FA2470016E00BAB239 /* SingleImageViewController.swift in Sources */ = {isa = PBXBuildFile; fileRef = E84B66F92470016E00BAB239 /* SingleImageViewController.swift */; };
		E84B66FC2470026600BAB239 /* SingleImageViewModel.swift in Sources */ = {isa = PBXBuildFile; fileRef = E84B66FB2470026600BAB239 /* SingleImageViewModel.swift */; };
		E84BE34A246448FF00A8E1E9 /* AppContext.swift in Sources */ = {isa = PBXBuildFile; fileRef = E84BE349246448FF00A8E1E9 /* AppContext.swift */; };
		E84BE34C24644A6000A8E1E9 /* FileManagerService.swift in Sources */ = {isa = PBXBuildFile; fileRef = E84BE34B24644A6000A8E1E9 /* FileManagerService.swift */; };
		E84BE34F2464573400A8E1E9 /* FullScreenViewController.swift in Sources */ = {isa = PBXBuildFile; fileRef = E84BE34E2464573400A8E1E9 /* FullScreenViewController.swift */; };
		E84BE351246457A600A8E1E9 /* FullScrenViewModel.swift in Sources */ = {isa = PBXBuildFile; fileRef = E84BE350246457A600A8E1E9 /* FullScrenViewModel.swift */; };
		E84BE35324645AA300A8E1E9 /* FullScreenTableViewCell.swift in Sources */ = {isa = PBXBuildFile; fileRef = E84BE35224645AA300A8E1E9 /* FullScreenTableViewCell.swift */; };
		E8542EEB245B12C7008D56B0 /* Strings.swift in Sources */ = {isa = PBXBuildFile; fileRef = E8542EEA245B12C7008D56B0 /* Strings.swift */; };
		E8542EEF245B130A008D56B0 /* NetworkService.swift in Sources */ = {isa = PBXBuildFile; fileRef = E8542EEE245B130A008D56B0 /* NetworkService.swift */; };
		E8542EF2245B1556008D56B0 /* SingleBreedViewController.swift in Sources */ = {isa = PBXBuildFile; fileRef = E8542EF1245B1556008D56B0 /* SingleBreedViewController.swift */; };
		E8542EF7245B18CC008D56B0 /* UIColor.swift in Sources */ = {isa = PBXBuildFile; fileRef = E8542EF6245B18CC008D56B0 /* UIColor.swift */; };
		E8542EF9245B1BB9008D56B0 /* BreedsCollectionViewController.swift in Sources */ = {isa = PBXBuildFile; fileRef = E8542EF8245B1BB9008D56B0 /* BreedsCollectionViewController.swift */; };
		E8542EFB245B1CB1008D56B0 /* UITableView+CellRegistration.swift in Sources */ = {isa = PBXBuildFile; fileRef = E8542EFA245B1CB1008D56B0 /* UITableView+CellRegistration.swift */; };
		E8542EFD245B1D7D008D56B0 /* RootTabBarViewController.swift in Sources */ = {isa = PBXBuildFile; fileRef = E8542EFC245B1D7D008D56B0 /* RootTabBarViewController.swift */; };
		E8542EFF245B215E008D56B0 /* StyleGuide.swift in Sources */ = {isa = PBXBuildFile; fileRef = E8542EFE245B215E008D56B0 /* StyleGuide.swift */; };
		E85710082466922800FEB4DD /* highlyintelligent.png in Resources */ = {isa = PBXBuildFile; fileRef = E8570FDA2466922700FEB4DD /* highlyintelligent.png */; };
		E85710092466922800FEB4DD /* shy.png in Resources */ = {isa = PBXBuildFile; fileRef = E8570FDB2466922700FEB4DD /* shy.png */; };
		E857100A2466922800FEB4DD /* intelligent.png in Resources */ = {isa = PBXBuildFile; fileRef = E8570FDC2466922700FEB4DD /* intelligent.png */; };
		E857100B2466922800FEB4DD /* adventurous.png in Resources */ = {isa = PBXBuildFile; fileRef = E8570FDD2466922700FEB4DD /* adventurous.png */; };
		E857100C2466922800FEB4DD /* fun-loving.png in Resources */ = {isa = PBXBuildFile; fileRef = E8570FDE2466922700FEB4DD /* fun-loving.png */; };
		E857100D2466922800FEB4DD /* lively.png in Resources */ = {isa = PBXBuildFile; fileRef = E8570FDF2466922700FEB4DD /* lively.png */; };
		E857100E2466922800FEB4DD /* peaceful.png in Resources */ = {isa = PBXBuildFile; fileRef = E8570FE02466922700FEB4DD /* peaceful.png */; };
		E857100F2466922800FEB4DD /* sweet.png in Resources */ = {isa = PBXBuildFile; fileRef = E8570FE12466922700FEB4DD /* sweet.png */; };
		E85710102466922800FEB4DD /* trainable.png in Resources */ = {isa = PBXBuildFile; fileRef = E8570FE22466922700FEB4DD /* trainable.png */; };
		E85710112466922800FEB4DD /* gentle.png in Resources */ = {isa = PBXBuildFile; fileRef = E8570FE32466922700FEB4DD /* gentle.png */; };
		E85710122466922800FEB4DD /* mischievous.png in Resources */ = {isa = PBXBuildFile; fileRef = E8570FE42466922700FEB4DD /* mischievous.png */; };
		E85710132466922800FEB4DD /* sensitive.png in Resources */ = {isa = PBXBuildFile; fileRef = E8570FE52466922700FEB4DD /* sensitive.png */; };
		E85710142466922800FEB4DD /* loving.png in Resources */ = {isa = PBXBuildFile; fileRef = E8570FE62466922700FEB4DD /* loving.png */; };
		E85710152466922800FEB4DD /* affectionate.png in Resources */ = {isa = PBXBuildFile; fileRef = E8570FE72466922700FEB4DD /* affectionate.png */; };
		E85710162466922800FEB4DD /* playful.png in Resources */ = {isa = PBXBuildFile; fileRef = E8570FE82466922700FEB4DD /* playful.png */; };
		E85710172466922800FEB4DD /* sedate.png in Resources */ = {isa = PBXBuildFile; fileRef = E8570FE92466922700FEB4DD /* sedate.png */; };
		E85710182466922800FEB4DD /* inquisitive.png in Resources */ = {isa = PBXBuildFile; fileRef = E8570FEA2466922700FEB4DD /* inquisitive.png */; };
		E85710192466922800FEB4DD /* outgoing.png in Resources */ = {isa = PBXBuildFile; fileRef = E8570FEB2466922700FEB4DD /* outgoing.png */; };
		E857101A2466922800FEB4DD /* sweet-tempered.png in Resources */ = {isa = PBXBuildFile; fileRef = E8570FEC2466922700FEB4DD /* sweet-tempered.png */; };
		E857101B2466922800FEB4DD /* interactive.png in Resources */ = {isa = PBXBuildFile; fileRef = E8570FED2466922700FEB4DD /* interactive.png */; };
		E857101C2466922800FEB4DD /* expressive.png in Resources */ = {isa = PBXBuildFile; fileRef = E8570FEE2466922700FEB4DD /* expressive.png */; };
		E857101D2466922800FEB4DD /* sociable.png in Resources */ = {isa = PBXBuildFile; fileRef = E8570FEF2466922700FEB4DD /* sociable.png */; };
		E857101E2466922800FEB4DD /* talkative.png in Resources */ = {isa = PBXBuildFile; fileRef = E8570FF02466922700FEB4DD /* talkative.png */; };
		E857101F2466922800FEB4DD /* alert.png in Resources */ = {isa = PBXBuildFile; fileRef = E8570FF12466922700FEB4DD /* alert.png */; };
		E85710202466922800FEB4DD /* dependent.png in Resources */ = {isa = PBXBuildFile; fileRef = E8570FF22466922700FEB4DD /* dependent.png */; };
		E85710212466922800FEB4DD /* curious.png in Resources */ = {isa = PBXBuildFile; fileRef = E8570FF32466922700FEB4DD /* curious.png */; };
		E85710222466922800FEB4DD /* highlyinteractive.png in Resources */ = {isa = PBXBuildFile; fileRef = E8570FF42466922700FEB4DD /* highlyinteractive.png */; };
		E85710232466922800FEB4DD /* clever.png in Resources */ = {isa = PBXBuildFile; fileRef = E8570FF52466922800FEB4DD /* clever.png */; };
		E85710242466922800FEB4DD /* energetic.png in Resources */ = {isa = PBXBuildFile; fileRef = E8570FF62466922800FEB4DD /* energetic.png */; };
		E85710252466922800FEB4DD /* adaptable.png in Resources */ = {isa = PBXBuildFile; fileRef = E8570FF72466922800FEB4DD /* adaptable.png */; };
		E85710262466922800FEB4DD /* social.png in Resources */ = {isa = PBXBuildFile; fileRef = E8570FF82466922800FEB4DD /* social.png */; };
		E85710272466922800FEB4DD /* agile.png in Resources */ = {isa = PBXBuildFile; fileRef = E8570FF92466922800FEB4DD /* agile.png */; };
		E85710282466922800FEB4DD /* independent.png in Resources */ = {isa = PBXBuildFile; fileRef = E8570FFA2466922800FEB4DD /* independent.png */; };
		E85710292466922800FEB4DD /* demanding.png in Resources */ = {isa = PBXBuildFile; fileRef = E8570FFB2466922800FEB4DD /* demanding.png */; };
		E857102A2466922800FEB4DD /* calm.png in Resources */ = {isa = PBXBuildFile; fileRef = E8570FFC2466922800FEB4DD /* calm.png */; };
		E857102B2466922800FEB4DD /* easygoing.png in Resources */ = {isa = PBXBuildFile; fileRef = E8570FFD2466922800FEB4DD /* easygoing.png */; };
		E857102C2466922800FEB4DD /* loyal.png in Resources */ = {isa = PBXBuildFile; fileRef = E8570FFE2466922800FEB4DD /* loyal.png */; };
		E857102D2466922800FEB4DD /* relaxed.png in Resources */ = {isa = PBXBuildFile; fileRef = E8570FFF2466922800FEB4DD /* relaxed.png */; };
		E857102E2466922800FEB4DD /* sensible.png in Resources */ = {isa = PBXBuildFile; fileRef = E85710002466922800FEB4DD /* sensible.png */; };
		E857102F2466922800FEB4DD /* tenacious.png in Resources */ = {isa = PBXBuildFile; fileRef = E85710012466922800FEB4DD /* tenacious.png */; };
		E85710302466922800FEB4DD /* devoted.png in Resources */ = {isa = PBXBuildFile; fileRef = E85710022466922800FEB4DD /* devoted.png */; };
		E85710312466922800FEB4DD /* friendly.png in Resources */ = {isa = PBXBuildFile; fileRef = E85710032466922800FEB4DD /* friendly.png */; };
		E85710322466922800FEB4DD /* warm.png in Resources */ = {isa = PBXBuildFile; fileRef = E85710042466922800FEB4DD /* warm.png */; };
		E85710332466922800FEB4DD /* active.png in Resources */ = {isa = PBXBuildFile; fileRef = E85710052466922800FEB4DD /* active.png */; };
		E85710342466922800FEB4DD /* patient.png in Resources */ = {isa = PBXBuildFile; fileRef = E85710062466922800FEB4DD /* patient.png */; };
		E85710352466922800FEB4DD /* quiet.png in Resources */ = {isa = PBXBuildFile; fileRef = E85710072466922800FEB4DD /* quiet.png */; };
		E85710372466CA2F00FEB4DD /* UIDevice+UUID.swift in Sources */ = {isa = PBXBuildFile; fileRef = E85710362466CA2F00FEB4DD /* UIDevice+UUID.swift */; };
		E8937938246EAF2000AB87A7 /* Localizable.strings in Resources */ = {isa = PBXBuildFile; fileRef = E8937937246EAF2000AB87A7 /* Localizable.strings */; };
		E893793C246EC46400AB87A7 /* SingleBreedViewModel.swift in Sources */ = {isa = PBXBuildFile; fileRef = E893793B246EC46400AB87A7 /* SingleBreedViewModel.swift */; };
		E893793E246ED90C00AB87A7 /* BarButtonItem.swift in Sources */ = {isa = PBXBuildFile; fileRef = E893793D246ED90C00AB87A7 /* BarButtonItem.swift */; };
		E8937940246EDB6100AB87A7 /* String.swift in Sources */ = {isa = PBXBuildFile; fileRef = E893793F246EDB6100AB87A7 /* String.swift */; };
		E8937943246F01BF00AB87A7 /* UIImageView.swift in Sources */ = {isa = PBXBuildFile; fileRef = E8937942246F01BF00AB87A7 /* UIImageView.swift */; };
		E89EFA8C246AE41100D5D215 /* HeaderDetailsView.swift in Sources */ = {isa = PBXBuildFile; fileRef = E89EFA89246AE41100D5D215 /* HeaderDetailsView.swift */; };
		E89EFA8D246AE41100D5D215 /* BreedHeaderView.swift in Sources */ = {isa = PBXBuildFile; fileRef = E89EFA8A246AE41100D5D215 /* BreedHeaderView.swift */; };
		E89EFA8E246AE41100D5D215 /* BreedFeatureView.swift in Sources */ = {isa = PBXBuildFile; fileRef = E89EFA8B246AE41100D5D215 /* BreedFeatureView.swift */; };
		E8B42F7324656FA800FBA2C8 /* UICollectionView+Cell.swift in Sources */ = {isa = PBXBuildFile; fileRef = E8B42F7224656FA800FBA2C8 /* UICollectionView+Cell.swift */; };
		E8B42F7924657EDD00FBA2C8 /* BreedScrollView.swift in Sources */ = {isa = PBXBuildFile; fileRef = E8B42F7824657EDD00FBA2C8 /* BreedScrollView.swift */; };
		E8B42F7B24657F1600FBA2C8 /* SavedImagesViewController.swift in Sources */ = {isa = PBXBuildFile; fileRef = E8B42F7A24657F1600FBA2C8 /* SavedImagesViewController.swift */; };
		E8B42F7D2465994400FBA2C8 /* BreedShortInfoView.swift in Sources */ = {isa = PBXBuildFile; fileRef = E8B42F7C2465994400FBA2C8 /* BreedShortInfoView.swift */; };
		E8BC3B802465B3C200C839D4 /* UserDefaultService.swift in Sources */ = {isa = PBXBuildFile; fileRef = E8BC3B7F2465B3C200C839D4 /* UserDefaultService.swift */; };
		E8BC3B822465C06100C839D4 /* Button.swift in Sources */ = {isa = PBXBuildFile; fileRef = E8BC3B812465C06100C839D4 /* Button.swift */; };
		E8BC3B842465C18B00C839D4 /* SavedImagesViewModel.swift in Sources */ = {isa = PBXBuildFile; fileRef = E8BC3B832465C18B00C839D4 /* SavedImagesViewModel.swift */; };
		E8CC710C246C247E00DBCBB1 /* UIScreen+Width.swift in Sources */ = {isa = PBXBuildFile; fileRef = E8CC710B246C247E00DBCBB1 /* UIScreen+Width.swift */; };
		E8E35FE7245AE3160088EDB2 /* AppDelegate.swift in Sources */ = {isa = PBXBuildFile; fileRef = E8E35FE6245AE3160088EDB2 /* AppDelegate.swift */; };
		E8E35FF3245AE31A0088EDB2 /* Assets.xcassets in Resources */ = {isa = PBXBuildFile; fileRef = E8E35FF2245AE31A0088EDB2 /* Assets.xcassets */; };
		E8E35FF6245AE31A0088EDB2 /* LaunchScreen.storyboard in Resources */ = {isa = PBXBuildFile; fileRef = E8E35FF4245AE31A0088EDB2 /* LaunchScreen.storyboard */; };
		E8F1DD7824618E71002CCAF3 /* BreedShortInfoViewController.swift in Sources */ = {isa = PBXBuildFile; fileRef = E8F1DD7724618E71002CCAF3 /* BreedShortInfoViewController.swift */; };
		E8F1DD7A2461A813002CCAF3 /* UIViewController+PresentingVC.swift in Sources */ = {isa = PBXBuildFile; fileRef = E8F1DD792461A813002CCAF3 /* UIViewController+PresentingVC.swift */; };
/* End PBXBuildFile section */

/* Begin PBXFileReference section */
		E812315B245D7DDC00040C2B /* CatFeedlayout.swift */ = {isa = PBXFileReference; lastKnownFileType = sourcecode.swift; path = CatFeedlayout.swift; sourceTree = "<group>"; };
		E812315D245DA94100040C2B /* SingleViewFeedCell.swift */ = {isa = PBXFileReference; lastKnownFileType = sourcecode.swift; path = SingleViewFeedCell.swift; sourceTree = "<group>"; };
		E81ECDE124603F4800E9A63E /* BreedViewModel.swift */ = {isa = PBXFileReference; lastKnownFileType = sourcecode.swift; path = BreedViewModel.swift; sourceTree = "<group>"; };
		E81ECDE32460440100E9A63E /* FeedViewModel.swift */ = {isa = PBXFileReference; lastKnownFileType = sourcecode.swift; path = FeedViewModel.swift; sourceTree = "<group>"; };
		E82667E1245C059900CBAEA7 /* FeedCollectionViewController.swift */ = {isa = PBXFileReference; lastKnownFileType = sourcecode.swift; path = FeedCollectionViewController.swift; sourceTree = "<group>"; };
		E82667E3245C074900CBAEA7 /* UIView+Corners.swift */ = {isa = PBXFileReference; lastKnownFileType = sourcecode.swift; path = "UIView+Corners.swift"; sourceTree = "<group>"; };
		E82667E7245C13D000CBAEA7 /* BreedDetailsCollectionViewCell.swift */ = {isa = PBXFileReference; lastKnownFileType = sourcecode.swift; path = BreedDetailsCollectionViewCell.swift; sourceTree = "<group>"; };
		E82667EB245C4B7C00CBAEA7 /* Label.swift */ = {isa = PBXFileReference; lastKnownFileType = sourcecode.swift; path = Label.swift; sourceTree = "<group>"; };
		E82667ED245C5CC500CBAEA7 /* SingleBreedCollectionViewCell.swift */ = {isa = PBXFileReference; lastKnownFileType = sourcecode.swift; path = SingleBreedCollectionViewCell.swift; sourceTree = "<group>"; };
		E82667EF245C5FBC00CBAEA7 /* UIImage+Resizing.swift */ = {isa = PBXFileReference; lastKnownFileType = sourcecode.swift; path = "UIImage+Resizing.swift"; sourceTree = "<group>"; };
		E82B6CD9246D692400D6F38D /* UIView+Animation.swift */ = {isa = PBXFileReference; lastKnownFileType = sourcecode.swift; path = "UIView+Animation.swift"; sourceTree = "<group>"; };
		E82B6CDF246D955700D6F38D /* CustomSegmentedController.swift */ = {isa = PBXFileReference; lastKnownFileType = sourcecode.swift; path = CustomSegmentedController.swift; sourceTree = "<group>"; };
		E84B66F92470016E00BAB239 /* SingleImageViewController.swift */ = {isa = PBXFileReference; lastKnownFileType = sourcecode.swift; path = SingleImageViewController.swift; sourceTree = "<group>"; };
		E84B66FB2470026600BAB239 /* SingleImageViewModel.swift */ = {isa = PBXFileReference; lastKnownFileType = sourcecode.swift; path = SingleImageViewModel.swift; sourceTree = "<group>"; };
		E84BE349246448FF00A8E1E9 /* AppContext.swift */ = {isa = PBXFileReference; lastKnownFileType = sourcecode.swift; path = AppContext.swift; sourceTree = "<group>"; };
		E84BE34B24644A6000A8E1E9 /* FileManagerService.swift */ = {isa = PBXFileReference; lastKnownFileType = sourcecode.swift; path = FileManagerService.swift; sourceTree = "<group>"; };
		E84BE34E2464573400A8E1E9 /* FullScreenViewController.swift */ = {isa = PBXFileReference; lastKnownFileType = sourcecode.swift; path = FullScreenViewController.swift; sourceTree = "<group>"; };
		E84BE350246457A600A8E1E9 /* FullScrenViewModel.swift */ = {isa = PBXFileReference; lastKnownFileType = sourcecode.swift; path = FullScrenViewModel.swift; sourceTree = "<group>"; };
		E84BE35224645AA300A8E1E9 /* FullScreenTableViewCell.swift */ = {isa = PBXFileReference; lastKnownFileType = sourcecode.swift; path = FullScreenTableViewCell.swift; sourceTree = "<group>"; };
		E8542EEA245B12C7008D56B0 /* Strings.swift */ = {isa = PBXFileReference; lastKnownFileType = sourcecode.swift; path = Strings.swift; sourceTree = "<group>"; };
		E8542EEE245B130A008D56B0 /* NetworkService.swift */ = {isa = PBXFileReference; lastKnownFileType = sourcecode.swift; path = NetworkService.swift; sourceTree = "<group>"; };
		E8542EF1245B1556008D56B0 /* SingleBreedViewController.swift */ = {isa = PBXFileReference; lastKnownFileType = sourcecode.swift; path = SingleBreedViewController.swift; sourceTree = "<group>"; };
		E8542EF6245B18CC008D56B0 /* UIColor.swift */ = {isa = PBXFileReference; lastKnownFileType = sourcecode.swift; path = UIColor.swift; sourceTree = "<group>"; };
		E8542EF8245B1BB9008D56B0 /* BreedsCollectionViewController.swift */ = {isa = PBXFileReference; lastKnownFileType = sourcecode.swift; path = BreedsCollectionViewController.swift; sourceTree = "<group>"; };
		E8542EFA245B1CB1008D56B0 /* UITableView+CellRegistration.swift */ = {isa = PBXFileReference; lastKnownFileType = sourcecode.swift; path = "UITableView+CellRegistration.swift"; sourceTree = "<group>"; };
		E8542EFC245B1D7D008D56B0 /* RootTabBarViewController.swift */ = {isa = PBXFileReference; lastKnownFileType = sourcecode.swift; path = RootTabBarViewController.swift; sourceTree = "<group>"; };
		E8542EFE245B215E008D56B0 /* StyleGuide.swift */ = {isa = PBXFileReference; lastKnownFileType = sourcecode.swift; path = StyleGuide.swift; sourceTree = "<group>"; };
		E8570FDA2466922700FEB4DD /* highlyintelligent.png */ = {isa = PBXFileReference; lastKnownFileType = image.png; name = highlyintelligent.png; path = Pawsome/Resources/BreedTempImg/highlyintelligent.png; sourceTree = SOURCE_ROOT; };
		E8570FDB2466922700FEB4DD /* shy.png */ = {isa = PBXFileReference; lastKnownFileType = image.png; name = shy.png; path = Pawsome/Resources/BreedTempImg/shy.png; sourceTree = SOURCE_ROOT; };
		E8570FDC2466922700FEB4DD /* intelligent.png */ = {isa = PBXFileReference; lastKnownFileType = image.png; name = intelligent.png; path = Pawsome/Resources/BreedTempImg/intelligent.png; sourceTree = SOURCE_ROOT; };
		E8570FDD2466922700FEB4DD /* adventurous.png */ = {isa = PBXFileReference; lastKnownFileType = image.png; name = adventurous.png; path = Pawsome/Resources/BreedTempImg/adventurous.png; sourceTree = SOURCE_ROOT; };
		E8570FDE2466922700FEB4DD /* fun-loving.png */ = {isa = PBXFileReference; lastKnownFileType = image.png; name = "fun-loving.png"; path = "Pawsome/Resources/BreedTempImg/fun-loving.png"; sourceTree = SOURCE_ROOT; };
		E8570FDF2466922700FEB4DD /* lively.png */ = {isa = PBXFileReference; lastKnownFileType = image.png; name = lively.png; path = Pawsome/Resources/BreedTempImg/lively.png; sourceTree = SOURCE_ROOT; };
		E8570FE02466922700FEB4DD /* peaceful.png */ = {isa = PBXFileReference; lastKnownFileType = image.png; name = peaceful.png; path = Pawsome/Resources/BreedTempImg/peaceful.png; sourceTree = SOURCE_ROOT; };
		E8570FE12466922700FEB4DD /* sweet.png */ = {isa = PBXFileReference; lastKnownFileType = image.png; name = sweet.png; path = Pawsome/Resources/BreedTempImg/sweet.png; sourceTree = SOURCE_ROOT; };
		E8570FE22466922700FEB4DD /* trainable.png */ = {isa = PBXFileReference; lastKnownFileType = image.png; name = trainable.png; path = Pawsome/Resources/BreedTempImg/trainable.png; sourceTree = SOURCE_ROOT; };
		E8570FE32466922700FEB4DD /* gentle.png */ = {isa = PBXFileReference; lastKnownFileType = image.png; name = gentle.png; path = Pawsome/Resources/BreedTempImg/gentle.png; sourceTree = SOURCE_ROOT; };
		E8570FE42466922700FEB4DD /* mischievous.png */ = {isa = PBXFileReference; lastKnownFileType = image.png; name = mischievous.png; path = Pawsome/Resources/BreedTempImg/mischievous.png; sourceTree = SOURCE_ROOT; };
		E8570FE52466922700FEB4DD /* sensitive.png */ = {isa = PBXFileReference; lastKnownFileType = image.png; name = sensitive.png; path = Pawsome/Resources/BreedTempImg/sensitive.png; sourceTree = SOURCE_ROOT; };
		E8570FE62466922700FEB4DD /* loving.png */ = {isa = PBXFileReference; lastKnownFileType = image.png; name = loving.png; path = Pawsome/Resources/BreedTempImg/loving.png; sourceTree = SOURCE_ROOT; };
		E8570FE72466922700FEB4DD /* affectionate.png */ = {isa = PBXFileReference; lastKnownFileType = image.png; name = affectionate.png; path = Pawsome/Resources/BreedTempImg/affectionate.png; sourceTree = SOURCE_ROOT; };
		E8570FE82466922700FEB4DD /* playful.png */ = {isa = PBXFileReference; lastKnownFileType = image.png; name = playful.png; path = Pawsome/Resources/BreedTempImg/playful.png; sourceTree = SOURCE_ROOT; };
		E8570FE92466922700FEB4DD /* sedate.png */ = {isa = PBXFileReference; lastKnownFileType = image.png; name = sedate.png; path = Pawsome/Resources/BreedTempImg/sedate.png; sourceTree = SOURCE_ROOT; };
		E8570FEA2466922700FEB4DD /* inquisitive.png */ = {isa = PBXFileReference; lastKnownFileType = image.png; name = inquisitive.png; path = Pawsome/Resources/BreedTempImg/inquisitive.png; sourceTree = SOURCE_ROOT; };
		E8570FEB2466922700FEB4DD /* outgoing.png */ = {isa = PBXFileReference; lastKnownFileType = image.png; name = outgoing.png; path = Pawsome/Resources/BreedTempImg/outgoing.png; sourceTree = SOURCE_ROOT; };
		E8570FEC2466922700FEB4DD /* sweet-tempered.png */ = {isa = PBXFileReference; lastKnownFileType = image.png; name = "sweet-tempered.png"; path = "Pawsome/Resources/BreedTempImg/sweet-tempered.png"; sourceTree = SOURCE_ROOT; };
		E8570FED2466922700FEB4DD /* interactive.png */ = {isa = PBXFileReference; lastKnownFileType = image.png; name = interactive.png; path = Pawsome/Resources/BreedTempImg/interactive.png; sourceTree = SOURCE_ROOT; };
		E8570FEE2466922700FEB4DD /* expressive.png */ = {isa = PBXFileReference; lastKnownFileType = image.png; name = expressive.png; path = Pawsome/Resources/BreedTempImg/expressive.png; sourceTree = SOURCE_ROOT; };
		E8570FEF2466922700FEB4DD /* sociable.png */ = {isa = PBXFileReference; lastKnownFileType = image.png; name = sociable.png; path = Pawsome/Resources/BreedTempImg/sociable.png; sourceTree = SOURCE_ROOT; };
		E8570FF02466922700FEB4DD /* talkative.png */ = {isa = PBXFileReference; lastKnownFileType = image.png; name = talkative.png; path = Pawsome/Resources/BreedTempImg/talkative.png; sourceTree = SOURCE_ROOT; };
		E8570FF12466922700FEB4DD /* alert.png */ = {isa = PBXFileReference; lastKnownFileType = image.png; name = alert.png; path = Pawsome/Resources/BreedTempImg/alert.png; sourceTree = SOURCE_ROOT; };
		E8570FF22466922700FEB4DD /* dependent.png */ = {isa = PBXFileReference; lastKnownFileType = image.png; name = dependent.png; path = Pawsome/Resources/BreedTempImg/dependent.png; sourceTree = SOURCE_ROOT; };
		E8570FF32466922700FEB4DD /* curious.png */ = {isa = PBXFileReference; lastKnownFileType = image.png; name = curious.png; path = Pawsome/Resources/BreedTempImg/curious.png; sourceTree = SOURCE_ROOT; };
		E8570FF42466922700FEB4DD /* highlyinteractive.png */ = {isa = PBXFileReference; lastKnownFileType = image.png; name = highlyinteractive.png; path = Pawsome/Resources/BreedTempImg/highlyinteractive.png; sourceTree = SOURCE_ROOT; };
		E8570FF52466922800FEB4DD /* clever.png */ = {isa = PBXFileReference; lastKnownFileType = image.png; name = clever.png; path = Pawsome/Resources/BreedTempImg/clever.png; sourceTree = SOURCE_ROOT; };
		E8570FF62466922800FEB4DD /* energetic.png */ = {isa = PBXFileReference; lastKnownFileType = image.png; name = energetic.png; path = Pawsome/Resources/BreedTempImg/energetic.png; sourceTree = SOURCE_ROOT; };
		E8570FF72466922800FEB4DD /* adaptable.png */ = {isa = PBXFileReference; lastKnownFileType = image.png; name = adaptable.png; path = Pawsome/Resources/BreedTempImg/adaptable.png; sourceTree = SOURCE_ROOT; };
		E8570FF82466922800FEB4DD /* social.png */ = {isa = PBXFileReference; lastKnownFileType = image.png; name = social.png; path = Pawsome/Resources/BreedTempImg/social.png; sourceTree = SOURCE_ROOT; };
		E8570FF92466922800FEB4DD /* agile.png */ = {isa = PBXFileReference; lastKnownFileType = image.png; name = agile.png; path = Pawsome/Resources/BreedTempImg/agile.png; sourceTree = SOURCE_ROOT; };
		E8570FFA2466922800FEB4DD /* independent.png */ = {isa = PBXFileReference; lastKnownFileType = image.png; name = independent.png; path = Pawsome/Resources/BreedTempImg/independent.png; sourceTree = SOURCE_ROOT; };
		E8570FFB2466922800FEB4DD /* demanding.png */ = {isa = PBXFileReference; lastKnownFileType = image.png; name = demanding.png; path = Pawsome/Resources/BreedTempImg/demanding.png; sourceTree = SOURCE_ROOT; };
		E8570FFC2466922800FEB4DD /* calm.png */ = {isa = PBXFileReference; lastKnownFileType = image.png; name = calm.png; path = Pawsome/Resources/BreedTempImg/calm.png; sourceTree = SOURCE_ROOT; };
		E8570FFD2466922800FEB4DD /* easygoing.png */ = {isa = PBXFileReference; lastKnownFileType = image.png; name = easygoing.png; path = Pawsome/Resources/BreedTempImg/easygoing.png; sourceTree = SOURCE_ROOT; };
		E8570FFE2466922800FEB4DD /* loyal.png */ = {isa = PBXFileReference; lastKnownFileType = image.png; name = loyal.png; path = Pawsome/Resources/BreedTempImg/loyal.png; sourceTree = SOURCE_ROOT; };
		E8570FFF2466922800FEB4DD /* relaxed.png */ = {isa = PBXFileReference; lastKnownFileType = image.png; name = relaxed.png; path = Pawsome/Resources/BreedTempImg/relaxed.png; sourceTree = SOURCE_ROOT; };
		E85710002466922800FEB4DD /* sensible.png */ = {isa = PBXFileReference; lastKnownFileType = image.png; name = sensible.png; path = Pawsome/Resources/BreedTempImg/sensible.png; sourceTree = SOURCE_ROOT; };
		E85710012466922800FEB4DD /* tenacious.png */ = {isa = PBXFileReference; lastKnownFileType = image.png; name = tenacious.png; path = Pawsome/Resources/BreedTempImg/tenacious.png; sourceTree = SOURCE_ROOT; };
		E85710022466922800FEB4DD /* devoted.png */ = {isa = PBXFileReference; lastKnownFileType = image.png; name = devoted.png; path = Pawsome/Resources/BreedTempImg/devoted.png; sourceTree = SOURCE_ROOT; };
		E85710032466922800FEB4DD /* friendly.png */ = {isa = PBXFileReference; lastKnownFileType = image.png; name = friendly.png; path = Pawsome/Resources/BreedTempImg/friendly.png; sourceTree = SOURCE_ROOT; };
		E85710042466922800FEB4DD /* warm.png */ = {isa = PBXFileReference; lastKnownFileType = image.png; name = warm.png; path = Pawsome/Resources/BreedTempImg/warm.png; sourceTree = SOURCE_ROOT; };
		E85710052466922800FEB4DD /* active.png */ = {isa = PBXFileReference; lastKnownFileType = image.png; name = active.png; path = Pawsome/Resources/BreedTempImg/active.png; sourceTree = SOURCE_ROOT; };
		E85710062466922800FEB4DD /* patient.png */ = {isa = PBXFileReference; lastKnownFileType = image.png; name = patient.png; path = Pawsome/Resources/BreedTempImg/patient.png; sourceTree = SOURCE_ROOT; };
		E85710072466922800FEB4DD /* quiet.png */ = {isa = PBXFileReference; lastKnownFileType = image.png; name = quiet.png; path = Pawsome/Resources/BreedTempImg/quiet.png; sourceTree = SOURCE_ROOT; };
		E85710362466CA2F00FEB4DD /* UIDevice+UUID.swift */ = {isa = PBXFileReference; lastKnownFileType = sourcecode.swift; path = "UIDevice+UUID.swift"; sourceTree = "<group>"; };
		E8937937246EAF2000AB87A7 /* Localizable.strings */ = {isa = PBXFileReference; lastKnownFileType = text.plist.strings; path = Localizable.strings; sourceTree = "<group>"; };
		E893793B246EC46400AB87A7 /* SingleBreedViewModel.swift */ = {isa = PBXFileReference; lastKnownFileType = sourcecode.swift; path = SingleBreedViewModel.swift; sourceTree = "<group>"; };
		E893793D246ED90C00AB87A7 /* BarButtonItem.swift */ = {isa = PBXFileReference; lastKnownFileType = sourcecode.swift; path = BarButtonItem.swift; sourceTree = "<group>"; };
		E893793F246EDB6100AB87A7 /* String.swift */ = {isa = PBXFileReference; lastKnownFileType = sourcecode.swift; path = String.swift; sourceTree = "<group>"; };
		E8937942246F01BF00AB87A7 /* UIImageView.swift */ = {isa = PBXFileReference; lastKnownFileType = sourcecode.swift; path = UIImageView.swift; sourceTree = "<group>"; };
		E89EFA89246AE41100D5D215 /* HeaderDetailsView.swift */ = {isa = PBXFileReference; fileEncoding = 4; lastKnownFileType = sourcecode.swift; name = HeaderDetailsView.swift; path = Pawsome/Screens/HeaderDetailsView.swift; sourceTree = SOURCE_ROOT; };
		E89EFA8A246AE41100D5D215 /* BreedHeaderView.swift */ = {isa = PBXFileReference; fileEncoding = 4; lastKnownFileType = sourcecode.swift; name = BreedHeaderView.swift; path = Pawsome/Screens/BreedHeaderView.swift; sourceTree = SOURCE_ROOT; };
		E89EFA8B246AE41100D5D215 /* BreedFeatureView.swift */ = {isa = PBXFileReference; fileEncoding = 4; lastKnownFileType = sourcecode.swift; name = BreedFeatureView.swift; path = Pawsome/Screens/BreedFeatureView.swift; sourceTree = SOURCE_ROOT; };
		E8B42F7224656FA800FBA2C8 /* UICollectionView+Cell.swift */ = {isa = PBXFileReference; lastKnownFileType = sourcecode.swift; path = "UICollectionView+Cell.swift"; sourceTree = "<group>"; };
		E8B42F7824657EDD00FBA2C8 /* BreedScrollView.swift */ = {isa = PBXFileReference; lastKnownFileType = sourcecode.swift; path = BreedScrollView.swift; sourceTree = "<group>"; };
		E8B42F7A24657F1600FBA2C8 /* SavedImagesViewController.swift */ = {isa = PBXFileReference; lastKnownFileType = sourcecode.swift; path = SavedImagesViewController.swift; sourceTree = "<group>"; };
		E8B42F7C2465994400FBA2C8 /* BreedShortInfoView.swift */ = {isa = PBXFileReference; lastKnownFileType = sourcecode.swift; path = BreedShortInfoView.swift; sourceTree = "<group>"; };
		E8BC3B7F2465B3C200C839D4 /* UserDefaultService.swift */ = {isa = PBXFileReference; lastKnownFileType = sourcecode.swift; path = UserDefaultService.swift; sourceTree = "<group>"; };
		E8BC3B812465C06100C839D4 /* Button.swift */ = {isa = PBXFileReference; lastKnownFileType = sourcecode.swift; path = Button.swift; sourceTree = "<group>"; };
		E8BC3B832465C18B00C839D4 /* SavedImagesViewModel.swift */ = {isa = PBXFileReference; lastKnownFileType = sourcecode.swift; path = SavedImagesViewModel.swift; sourceTree = "<group>"; };
		E8CC710B246C247E00DBCBB1 /* UIScreen+Width.swift */ = {isa = PBXFileReference; lastKnownFileType = sourcecode.swift; path = "UIScreen+Width.swift"; sourceTree = "<group>"; };
		E8E35FE3245AE3160088EDB2 /* Pawsome.app */ = {isa = PBXFileReference; explicitFileType = wrapper.application; includeInIndex = 0; path = Pawsome.app; sourceTree = BUILT_PRODUCTS_DIR; };
		E8E35FE6245AE3160088EDB2 /* AppDelegate.swift */ = {isa = PBXFileReference; lastKnownFileType = sourcecode.swift; path = AppDelegate.swift; sourceTree = "<group>"; };
		E8E35FF2245AE31A0088EDB2 /* Assets.xcassets */ = {isa = PBXFileReference; lastKnownFileType = folder.assetcatalog; path = Assets.xcassets; sourceTree = "<group>"; };
		E8E35FF5245AE31A0088EDB2 /* Base */ = {isa = PBXFileReference; lastKnownFileType = file.storyboard; name = Base; path = Base.lproj/LaunchScreen.storyboard; sourceTree = "<group>"; };
		E8E35FF7245AE31A0088EDB2 /* Info.plist */ = {isa = PBXFileReference; lastKnownFileType = text.plist.xml; path = Info.plist; sourceTree = "<group>"; };
		E8F1DD7724618E71002CCAF3 /* BreedShortInfoViewController.swift */ = {isa = PBXFileReference; lastKnownFileType = sourcecode.swift; path = BreedShortInfoViewController.swift; sourceTree = "<group>"; };
		E8F1DD792461A813002CCAF3 /* UIViewController+PresentingVC.swift */ = {isa = PBXFileReference; lastKnownFileType = sourcecode.swift; path = "UIViewController+PresentingVC.swift"; sourceTree = "<group>"; };
/* End PBXFileReference section */

/* Begin PBXFrameworksBuildPhase section */
		E8E35FE0245AE3160088EDB2 /* Frameworks */ = {
			isa = PBXFrameworksBuildPhase;
			buildActionMask = 2147483647;
			files = (
			);
			runOnlyForDeploymentPostprocessing = 0;
		};
/* End PBXFrameworksBuildPhase section */

/* Begin PBXGroup section */
		E81ECDE52460441400E9A63E /* Feed of cats */ = {
			isa = PBXGroup;
			children = (
				E812315B245D7DDC00040C2B /* CatFeedlayout.swift */,
				E82667E1245C059900CBAEA7 /* FeedCollectionViewController.swift */,
				E81ECDE32460440100E9A63E /* FeedViewModel.swift */,
			);
			path = "Feed of cats";
			sourceTree = "<group>";
		};
		E81ECDE62460443400E9A63E /* Breeds */ = {
			isa = PBXGroup;
			children = (
				E81ECDE124603F4800E9A63E /* BreedViewModel.swift */,
				E8542EF8245B1BB9008D56B0 /* BreedsCollectionViewController.swift */,
				E893793B246EC46400AB87A7 /* SingleBreedViewModel.swift */,
				E8542EF1245B1556008D56B0 /* SingleBreedViewController.swift */,
				E8F1DD7724618E71002CCAF3 /* BreedShortInfoViewController.swift */,
			);
			path = Breeds;
			sourceTree = "<group>";
		};
		E84BE34D2464570F00A8E1E9 /* FullScreenFeed */ = {
			isa = PBXGroup;
			children = (
				E84BE34E2464573400A8E1E9 /* FullScreenViewController.swift */,
				E84BE350246457A600A8E1E9 /* FullScrenViewModel.swift */,
			);
			path = FullScreenFeed;
			sourceTree = "<group>";
		};
		E8542EEC245B12E0008D56B0 /* Factories */ = {
			isa = PBXGroup;
			children = (
				E82667EB245C4B7C00CBAEA7 /* Label.swift */,
				E8BC3B812465C06100C839D4 /* Button.swift */,
				E893793D246ED90C00AB87A7 /* BarButtonItem.swift */,
			);
			path = Factories;
			sourceTree = "<group>";
		};
		E8542EED245B12F2008D56B0 /* Services */ = {
			isa = PBXGroup;
			children = (
				E8542EEE245B130A008D56B0 /* NetworkService.swift */,
				E84BE34B24644A6000A8E1E9 /* FileManagerService.swift */,
				E8BC3B7F2465B3C200C839D4 /* UserDefaultService.swift */,
			);
			path = Services;
			sourceTree = "<group>";
		};
		E8542EF0245B1520008D56B0 /* Screens */ = {
			isa = PBXGroup;
			children = (
				E84BE34D2464570F00A8E1E9 /* FullScreenFeed */,
				E81ECDE62460443400E9A63E /* Breeds */,
				E8542EFC245B1D7D008D56B0 /* RootTabBarViewController.swift */,
				E81ECDE52460441400E9A63E /* Feed of cats */,
				E8937941246EE5A400AB87A7 /* Saved Images */,
				E84B66F92470016E00BAB239 /* SingleImageViewController.swift */,
				E84B66FB2470026600BAB239 /* SingleImageViewModel.swift */,
			);
			path = Screens;
			sourceTree = "<group>";
		};
		E8542EF5245B18B8008D56B0 /* Catalogs */ = {
			isa = PBXGroup;
			children = (
				E8542EF6245B18CC008D56B0 /* UIColor.swift */,
				E8542EFA245B1CB1008D56B0 /* UITableView+CellRegistration.swift */,
				E82667E3245C074900CBAEA7 /* UIView+Corners.swift */,
				E82667EF245C5FBC00CBAEA7 /* UIImage+Resizing.swift */,
				E8F1DD792461A813002CCAF3 /* UIViewController+PresentingVC.swift */,
				E8B42F7224656FA800FBA2C8 /* UICollectionView+Cell.swift */,
				E85710362466CA2F00FEB4DD /* UIDevice+UUID.swift */,
				E8CC710B246C247E00DBCBB1 /* UIScreen+Width.swift */,
				E82B6CD9246D692400D6F38D /* UIView+Animation.swift */,
				E893793F246EDB6100AB87A7 /* String.swift */,
				E8937942246F01BF00AB87A7 /* UIImageView.swift */,
			);
			path = Catalogs;
			sourceTree = "<group>";
		};
		E8570FD9246691FA00FEB4DD /* BreedTempImages */ = {
			isa = PBXGroup;
			children = (
				E85710052466922800FEB4DD /* active.png */,
				E8570FF72466922800FEB4DD /* adaptable.png */,
				E8570FDD2466922700FEB4DD /* adventurous.png */,
				E8570FE72466922700FEB4DD /* affectionate.png */,
				E8570FF92466922800FEB4DD /* agile.png */,
				E8570FF12466922700FEB4DD /* alert.png */,
				E8570FFC2466922800FEB4DD /* calm.png */,
				E8570FF52466922800FEB4DD /* clever.png */,
				E8570FF32466922700FEB4DD /* curious.png */,
				E8570FFB2466922800FEB4DD /* demanding.png */,
				E8570FF22466922700FEB4DD /* dependent.png */,
				E85710022466922800FEB4DD /* devoted.png */,
				E8570FFD2466922800FEB4DD /* easygoing.png */,
				E8570FF62466922800FEB4DD /* energetic.png */,
				E8570FEE2466922700FEB4DD /* expressive.png */,
				E85710032466922800FEB4DD /* friendly.png */,
				E8570FDE2466922700FEB4DD /* fun-loving.png */,
				E8570FE32466922700FEB4DD /* gentle.png */,
				E8570FDA2466922700FEB4DD /* highlyintelligent.png */,
				E8570FF42466922700FEB4DD /* highlyinteractive.png */,
				E8570FFA2466922800FEB4DD /* independent.png */,
				E8570FEA2466922700FEB4DD /* inquisitive.png */,
				E8570FDC2466922700FEB4DD /* intelligent.png */,
				E8570FED2466922700FEB4DD /* interactive.png */,
				E8570FDF2466922700FEB4DD /* lively.png */,
				E8570FE62466922700FEB4DD /* loving.png */,
				E8570FFE2466922800FEB4DD /* loyal.png */,
				E8570FE42466922700FEB4DD /* mischievous.png */,
				E8570FEB2466922700FEB4DD /* outgoing.png */,
				E85710062466922800FEB4DD /* patient.png */,
				E8570FE02466922700FEB4DD /* peaceful.png */,
				E8570FE82466922700FEB4DD /* playful.png */,
				E85710072466922800FEB4DD /* quiet.png */,
				E8570FFF2466922800FEB4DD /* relaxed.png */,
				E8570FE92466922700FEB4DD /* sedate.png */,
				E85710002466922800FEB4DD /* sensible.png */,
				E8570FE52466922700FEB4DD /* sensitive.png */,
				E8570FDB2466922700FEB4DD /* shy.png */,
				E8570FEF2466922700FEB4DD /* sociable.png */,
				E8570FF82466922800FEB4DD /* social.png */,
				E8570FEC2466922700FEB4DD /* sweet-tempered.png */,
				E8570FE12466922700FEB4DD /* sweet.png */,
				E8570FF02466922700FEB4DD /* talkative.png */,
				E85710012466922800FEB4DD /* tenacious.png */,
				E8570FE22466922700FEB4DD /* trainable.png */,
				E85710042466922800FEB4DD /* warm.png */,
			);
			path = BreedTempImages;
			sourceTree = "<group>";
		};
		E8937941246EE5A400AB87A7 /* Saved Images */ = {
			isa = PBXGroup;
			children = (
				E8B42F7A24657F1600FBA2C8 /* SavedImagesViewController.swift */,
				E8BC3B832465C18B00C839D4 /* SavedImagesViewModel.swift */,
			);
			path = "Saved Images";
			sourceTree = "<group>";
		};
		E8B42F74246575B300FBA2C8 /* Common */ = {
			isa = PBXGroup;
			children = (
				E8542EFE245B215E008D56B0 /* StyleGuide.swift */,
				E8542EEA245B12C7008D56B0 /* Strings.swift */,
				E8B42F76246575F500FBA2C8 /* Views */,
				E8B42F75246575BC00FBA2C8 /* Cells */,
			);
			path = Common;
			sourceTree = "<group>";
		};
		E8B42F75246575BC00FBA2C8 /* Cells */ = {
			isa = PBXGroup;
			children = (
				E82667ED245C5CC500CBAEA7 /* SingleBreedCollectionViewCell.swift */,
				E82667E7245C13D000CBAEA7 /* BreedDetailsCollectionViewCell.swift */,
				E84BE35224645AA300A8E1E9 /* FullScreenTableViewCell.swift */,
				E812315D245DA94100040C2B /* SingleViewFeedCell.swift */,
			);
			path = Cells;
			sourceTree = "<group>";
		};
		E8B42F76246575F500FBA2C8 /* Views */ = {
			isa = PBXGroup;
			children = (
				E8B42F7824657EDD00FBA2C8 /* BreedScrollView.swift */,
				E8B42F7C2465994400FBA2C8 /* BreedShortInfoView.swift */,
				E89EFA8B246AE41100D5D215 /* BreedFeatureView.swift */,
				E89EFA8A246AE41100D5D215 /* BreedHeaderView.swift */,
				E89EFA89246AE41100D5D215 /* HeaderDetailsView.swift */,
				E82B6CDF246D955700D6F38D /* CustomSegmentedController.swift */,
			);
			path = Views;
			sourceTree = "<group>";
		};
		E8B42F77246576DA00FBA2C8 /* Resources */ = {
			isa = PBXGroup;
			children = (
				E8570FD9246691FA00FEB4DD /* BreedTempImages */,
				E8E35FF2245AE31A0088EDB2 /* Assets.xcassets */,
				E8E35FF4245AE31A0088EDB2 /* LaunchScreen.storyboard */,
				E8937937246EAF2000AB87A7 /* Localizable.strings */,
			);
			path = Resources;
			sourceTree = "<group>";
		};
		E8E35FDA245AE3160088EDB2 = {
			isa = PBXGroup;
			children = (
				E8E35FE5245AE3160088EDB2 /* Pawsome */,
				E8E35FE4245AE3160088EDB2 /* Products */,
			);
			sourceTree = "<group>";
		};
		E8E35FE4245AE3160088EDB2 /* Products */ = {
			isa = PBXGroup;
			children = (
				E8E35FE3245AE3160088EDB2 /* Pawsome.app */,
			);
			name = Products;
			sourceTree = "<group>";
		};
		E8E35FE5245AE3160088EDB2 /* Pawsome */ = {
			isa = PBXGroup;
			children = (
				E8B42F74246575B300FBA2C8 /* Common */,
				E8542EF5245B18B8008D56B0 /* Catalogs */,
				E8542EF0245B1520008D56B0 /* Screens */,
				E8542EED245B12F2008D56B0 /* Services */,
				E8542EEC245B12E0008D56B0 /* Factories */,
				E8E35FE6245AE3160088EDB2 /* AppDelegate.swift */,
				E8B42F77246576DA00FBA2C8 /* Resources */,
				E8E35FF7245AE31A0088EDB2 /* Info.plist */,
				E84BE349246448FF00A8E1E9 /* AppContext.swift */,
			);
			path = Pawsome;
			sourceTree = "<group>";
		};
/* End PBXGroup section */

/* Begin PBXNativeTarget section */
		E8E35FE2245AE3160088EDB2 /* Pawsome */ = {
			isa = PBXNativeTarget;
			buildConfigurationList = E8E35FFA245AE31A0088EDB2 /* Build configuration list for PBXNativeTarget "Pawsome" */;
			buildPhases = (
				E8E35FDF245AE3160088EDB2 /* Sources */,
				E8E35FE0245AE3160088EDB2 /* Frameworks */,
				E8E35FE1245AE3160088EDB2 /* Resources */,
			);
			buildRules = (
			);
			dependencies = (
			);
			name = Pawsome;
			productName = Pawsome;
			productReference = E8E35FE3245AE3160088EDB2 /* Pawsome.app */;
			productType = "com.apple.product-type.application";
		};
/* End PBXNativeTarget section */

/* Begin PBXProject section */
		E8E35FDB245AE3160088EDB2 /* Project object */ = {
			isa = PBXProject;
			attributes = {
				LastSwiftUpdateCheck = 1130;
				LastUpgradeCheck = 1130;
				ORGANIZATIONNAME = Marentilo;
				TargetAttributes = {
					E8E35FE2245AE3160088EDB2 = {
						CreatedOnToolsVersion = 11.3;
					};
				};
			};
			buildConfigurationList = E8E35FDE245AE3160088EDB2 /* Build configuration list for PBXProject "Pawsome" */;
			compatibilityVersion = "Xcode 9.3";
			developmentRegion = en;
			hasScannedForEncodings = 0;
			knownRegions = (
				en,
				Base,
			);
			mainGroup = E8E35FDA245AE3160088EDB2;
			productRefGroup = E8E35FE4245AE3160088EDB2 /* Products */;
			projectDirPath = "";
			projectRoot = "";
			targets = (
				E8E35FE2245AE3160088EDB2 /* Pawsome */,
			);
		};
/* End PBXProject section */

/* Begin PBXResourcesBuildPhase section */
		E8E35FE1245AE3160088EDB2 /* Resources */ = {
			isa = PBXResourcesBuildPhase;
			buildActionMask = 2147483647;
			files = (
				E85710092466922800FEB4DD /* shy.png in Resources */,
				E85710222466922800FEB4DD /* highlyinteractive.png in Resources */,
				E85710082466922800FEB4DD /* highlyintelligent.png in Resources */,
				E85710342466922800FEB4DD /* patient.png in Resources */,
				E85710102466922800FEB4DD /* trainable.png in Resources */,
				E85710162466922800FEB4DD /* playful.png in Resources */,
				E857101D2466922800FEB4DD /* sociable.png in Resources */,
				E857100B2466922800FEB4DD /* adventurous.png in Resources */,
				E85710272466922800FEB4DD /* agile.png in Resources */,
				E85710152466922800FEB4DD /* affectionate.png in Resources */,
				E8E35FF6245AE31A0088EDB2 /* LaunchScreen.storyboard in Resources */,
				E857102A2466922800FEB4DD /* calm.png in Resources */,
				E857100E2466922800FEB4DD /* peaceful.png in Resources */,
				E857101F2466922800FEB4DD /* alert.png in Resources */,
				E857100A2466922800FEB4DD /* intelligent.png in Resources */,
				E85710202466922800FEB4DD /* dependent.png in Resources */,
				E85710192466922800FEB4DD /* outgoing.png in Resources */,
				E85710312466922800FEB4DD /* friendly.png in Resources */,
				E85710352466922800FEB4DD /* quiet.png in Resources */,
				E85710212466922800FEB4DD /* curious.png in Resources */,
				E857102F2466922800FEB4DD /* tenacious.png in Resources */,
				E8E35FF3245AE31A0088EDB2 /* Assets.xcassets in Resources */,
				E857100F2466922800FEB4DD /* sweet.png in Resources */,
				E85710172466922800FEB4DD /* sedate.png in Resources */,
				E85710182466922800FEB4DD /* inquisitive.png in Resources */,
				E857100C2466922800FEB4DD /* fun-loving.png in Resources */,
				E85710122466922800FEB4DD /* mischievous.png in Resources */,
				E85710262466922800FEB4DD /* social.png in Resources */,
				E85710282466922800FEB4DD /* independent.png in Resources */,
				E85710292466922800FEB4DD /* demanding.png in Resources */,
				E85710242466922800FEB4DD /* energetic.png in Resources */,
				E857102E2466922800FEB4DD /* sensible.png in Resources */,
				E85710142466922800FEB4DD /* loving.png in Resources */,
				E85710232466922800FEB4DD /* clever.png in Resources */,
				E8937938246EAF2000AB87A7 /* Localizable.strings in Resources */,
				E857102B2466922800FEB4DD /* easygoing.png in Resources */,
				E857101A2466922800FEB4DD /* sweet-tempered.png in Resources */,
				E85710132466922800FEB4DD /* sensitive.png in Resources */,
				E85710112466922800FEB4DD /* gentle.png in Resources */,
				E857102D2466922800FEB4DD /* relaxed.png in Resources */,
				E857101B2466922800FEB4DD /* interactive.png in Resources */,
				E857100D2466922800FEB4DD /* lively.png in Resources */,
				E85710252466922800FEB4DD /* adaptable.png in Resources */,
				E857102C2466922800FEB4DD /* loyal.png in Resources */,
				E85710322466922800FEB4DD /* warm.png in Resources */,
				E85710302466922800FEB4DD /* devoted.png in Resources */,
				E85710332466922800FEB4DD /* active.png in Resources */,
				E857101C2466922800FEB4DD /* expressive.png in Resources */,
				E857101E2466922800FEB4DD /* talkative.png in Resources */,
			);
			runOnlyForDeploymentPostprocessing = 0;
		};
/* End PBXResourcesBuildPhase section */

/* Begin PBXSourcesBuildPhase section */
		E8E35FDF245AE3160088EDB2 /* Sources */ = {
			isa = PBXSourcesBuildPhase;
			buildActionMask = 2147483647;
			files = (
				E8BC3B822465C06100C839D4 /* Button.swift in Sources */,
				E84B66FA2470016E00BAB239 /* SingleImageViewController.swift in Sources */,
				E8BC3B802465B3C200C839D4 /* UserDefaultService.swift in Sources */,
				E8937940246EDB6100AB87A7 /* String.swift in Sources */,
				E812315C245D7DDC00040C2B /* CatFeedlayout.swift in Sources */,
				E82667F0245C5FBC00CBAEA7 /* UIImage+Resizing.swift in Sources */,
				E8B42F7B24657F1600FBA2C8 /* SavedImagesViewController.swift in Sources */,
				E82B6CE0246D955700D6F38D /* CustomSegmentedController.swift in Sources */,
				E812315E245DA94100040C2B /* SingleViewFeedCell.swift in Sources */,
				E82667EE245C5CC500CBAEA7 /* SingleBreedCollectionViewCell.swift in Sources */,
				E8542EF7245B18CC008D56B0 /* UIColor.swift in Sources */,
				E89EFA8D246AE41100D5D215 /* BreedHeaderView.swift in Sources */,
				E8B42F7924657EDD00FBA2C8 /* BreedScrollView.swift in Sources */,
				E8542EEB245B12C7008D56B0 /* Strings.swift in Sources */,
				E82667E4245C074900CBAEA7 /* UIView+Corners.swift in Sources */,
				E84BE34A246448FF00A8E1E9 /* AppContext.swift in Sources */,
				E8542EEF245B130A008D56B0 /* NetworkService.swift in Sources */,
				E8542EFB245B1CB1008D56B0 /* UITableView+CellRegistration.swift in Sources */,
				E82667E2245C059900CBAEA7 /* FeedCollectionViewController.swift in Sources */,
				E82B6CDA246D692400D6F38D /* UIView+Animation.swift in Sources */,
				E84BE351246457A600A8E1E9 /* FullScrenViewModel.swift in Sources */,
				E82667EC245C4B7C00CBAEA7 /* Label.swift in Sources */,
				E85710372466CA2F00FEB4DD /* UIDevice+UUID.swift in Sources */,
				E8B42F7D2465994400FBA2C8 /* BreedShortInfoView.swift in Sources */,
				E84B66FC2470026600BAB239 /* SingleImageViewModel.swift in Sources */,
				E8F1DD7A2461A813002CCAF3 /* UIViewController+PresentingVC.swift in Sources */,
				E82667E8245C13D000CBAEA7 /* BreedDetailsCollectionViewCell.swift in Sources */,
				E8BC3B842465C18B00C839D4 /* SavedImagesViewModel.swift in Sources */,
				E8542EF9245B1BB9008D56B0 /* BreedsCollectionViewController.swift in Sources */,
				E81ECDE42460440100E9A63E /* FeedViewModel.swift in Sources */,
				E8937943246F01BF00AB87A7 /* UIImageView.swift in Sources */,
				E84BE34F2464573400A8E1E9 /* FullScreenViewController.swift in Sources */,
				E81ECDE224603F4800E9A63E /* BreedViewModel.swift in Sources */,
				E8542EF2245B1556008D56B0 /* SingleBreedViewController.swift in Sources */,
				E8542EFD245B1D7D008D56B0 /* RootTabBarViewController.swift in Sources */,
				E8B42F7324656FA800FBA2C8 /* UICollectionView+Cell.swift in Sources */,
				E89EFA8C246AE41100D5D215 /* HeaderDetailsView.swift in Sources */,
				E893793C246EC46400AB87A7 /* SingleBreedViewModel.swift in Sources */,
				E89EFA8E246AE41100D5D215 /* BreedFeatureView.swift in Sources */,
				E8F1DD7824618E71002CCAF3 /* BreedShortInfoViewController.swift in Sources */,
				E893793E246ED90C00AB87A7 /* BarButtonItem.swift in Sources */,
				E8542EFF245B215E008D56B0 /* StyleGuide.swift in Sources */,
				E8CC710C246C247E00DBCBB1 /* UIScreen+Width.swift in Sources */,
				E8E35FE7245AE3160088EDB2 /* AppDelegate.swift in Sources */,
				E84BE35324645AA300A8E1E9 /* FullScreenTableViewCell.swift in Sources */,
				E84BE34C24644A6000A8E1E9 /* FileManagerService.swift in Sources */,
			);
			runOnlyForDeploymentPostprocessing = 0;
		};
/* End PBXSourcesBuildPhase section */

/* Begin PBXVariantGroup section */
		E8E35FF4245AE31A0088EDB2 /* LaunchScreen.storyboard */ = {
			isa = PBXVariantGroup;
			children = (
				E8E35FF5245AE31A0088EDB2 /* Base */,
			);
			name = LaunchScreen.storyboard;
			sourceTree = "<group>";
		};
/* End PBXVariantGroup section */

/* Begin XCBuildConfiguration section */
		E8E35FF8245AE31A0088EDB2 /* Debug */ = {
			isa = XCBuildConfiguration;
			buildSettings = {
				ALWAYS_SEARCH_USER_PATHS = NO;
				CLANG_ANALYZER_NONNULL = YES;
				CLANG_ANALYZER_NUMBER_OBJECT_CONVERSION = YES_AGGRESSIVE;
				CLANG_CXX_LANGUAGE_STANDARD = "gnu++14";
				CLANG_CXX_LIBRARY = "libc++";
				CLANG_ENABLE_MODULES = YES;
				CLANG_ENABLE_OBJC_ARC = YES;
				CLANG_ENABLE_OBJC_WEAK = YES;
				CLANG_WARN_BLOCK_CAPTURE_AUTORELEASING = YES;
				CLANG_WARN_BOOL_CONVERSION = YES;
				CLANG_WARN_COMMA = YES;
				CLANG_WARN_CONSTANT_CONVERSION = YES;
				CLANG_WARN_DEPRECATED_OBJC_IMPLEMENTATIONS = YES;
				CLANG_WARN_DIRECT_OBJC_ISA_USAGE = YES_ERROR;
				CLANG_WARN_DOCUMENTATION_COMMENTS = YES;
				CLANG_WARN_EMPTY_BODY = YES;
				CLANG_WARN_ENUM_CONVERSION = YES;
				CLANG_WARN_INFINITE_RECURSION = YES;
				CLANG_WARN_INT_CONVERSION = YES;
				CLANG_WARN_NON_LITERAL_NULL_CONVERSION = YES;
				CLANG_WARN_OBJC_IMPLICIT_RETAIN_SELF = YES;
				CLANG_WARN_OBJC_LITERAL_CONVERSION = YES;
				CLANG_WARN_OBJC_ROOT_CLASS = YES_ERROR;
				CLANG_WARN_RANGE_LOOP_ANALYSIS = YES;
				CLANG_WARN_STRICT_PROTOTYPES = YES;
				CLANG_WARN_SUSPICIOUS_MOVE = YES;
				CLANG_WARN_UNGUARDED_AVAILABILITY = YES_AGGRESSIVE;
				CLANG_WARN_UNREACHABLE_CODE = YES;
				CLANG_WARN__DUPLICATE_METHOD_MATCH = YES;
				COPY_PHASE_STRIP = NO;
				DEBUG_INFORMATION_FORMAT = dwarf;
				ENABLE_STRICT_OBJC_MSGSEND = YES;
				ENABLE_TESTABILITY = YES;
				GCC_C_LANGUAGE_STANDARD = gnu11;
				GCC_DYNAMIC_NO_PIC = NO;
				GCC_NO_COMMON_BLOCKS = YES;
				GCC_OPTIMIZATION_LEVEL = 0;
				GCC_PREPROCESSOR_DEFINITIONS = (
					"DEBUG=1",
					"$(inherited)",
				);
				GCC_WARN_64_TO_32_BIT_CONVERSION = YES;
				GCC_WARN_ABOUT_RETURN_TYPE = YES_ERROR;
				GCC_WARN_UNDECLARED_SELECTOR = YES;
				GCC_WARN_UNINITIALIZED_AUTOS = YES_AGGRESSIVE;
				GCC_WARN_UNUSED_FUNCTION = YES;
				GCC_WARN_UNUSED_VARIABLE = YES;
				IPHONEOS_DEPLOYMENT_TARGET = 13.2;
				MTL_ENABLE_DEBUG_INFO = INCLUDE_SOURCE;
				MTL_FAST_MATH = YES;
				ONLY_ACTIVE_ARCH = YES;
				SDKROOT = iphoneos;
				SWIFT_ACTIVE_COMPILATION_CONDITIONS = DEBUG;
				SWIFT_OPTIMIZATION_LEVEL = "-Onone";
			};
			name = Debug;
		};
		E8E35FF9245AE31A0088EDB2 /* Release */ = {
			isa = XCBuildConfiguration;
			buildSettings = {
				ALWAYS_SEARCH_USER_PATHS = NO;
				CLANG_ANALYZER_NONNULL = YES;
				CLANG_ANALYZER_NUMBER_OBJECT_CONVERSION = YES_AGGRESSIVE;
				CLANG_CXX_LANGUAGE_STANDARD = "gnu++14";
				CLANG_CXX_LIBRARY = "libc++";
				CLANG_ENABLE_MODULES = YES;
				CLANG_ENABLE_OBJC_ARC = YES;
				CLANG_ENABLE_OBJC_WEAK = YES;
				CLANG_WARN_BLOCK_CAPTURE_AUTORELEASING = YES;
				CLANG_WARN_BOOL_CONVERSION = YES;
				CLANG_WARN_COMMA = YES;
				CLANG_WARN_CONSTANT_CONVERSION = YES;
				CLANG_WARN_DEPRECATED_OBJC_IMPLEMENTATIONS = YES;
				CLANG_WARN_DIRECT_OBJC_ISA_USAGE = YES_ERROR;
				CLANG_WARN_DOCUMENTATION_COMMENTS = YES;
				CLANG_WARN_EMPTY_BODY = YES;
				CLANG_WARN_ENUM_CONVERSION = YES;
				CLANG_WARN_INFINITE_RECURSION = YES;
				CLANG_WARN_INT_CONVERSION = YES;
				CLANG_WARN_NON_LITERAL_NULL_CONVERSION = YES;
				CLANG_WARN_OBJC_IMPLICIT_RETAIN_SELF = YES;
				CLANG_WARN_OBJC_LITERAL_CONVERSION = YES;
				CLANG_WARN_OBJC_ROOT_CLASS = YES_ERROR;
				CLANG_WARN_RANGE_LOOP_ANALYSIS = YES;
				CLANG_WARN_STRICT_PROTOTYPES = YES;
				CLANG_WARN_SUSPICIOUS_MOVE = YES;
				CLANG_WARN_UNGUARDED_AVAILABILITY = YES_AGGRESSIVE;
				CLANG_WARN_UNREACHABLE_CODE = YES;
				CLANG_WARN__DUPLICATE_METHOD_MATCH = YES;
				COPY_PHASE_STRIP = NO;
				DEBUG_INFORMATION_FORMAT = "dwarf-with-dsym";
				ENABLE_NS_ASSERTIONS = NO;
				ENABLE_STRICT_OBJC_MSGSEND = YES;
				GCC_C_LANGUAGE_STANDARD = gnu11;
				GCC_NO_COMMON_BLOCKS = YES;
				GCC_WARN_64_TO_32_BIT_CONVERSION = YES;
				GCC_WARN_ABOUT_RETURN_TYPE = YES_ERROR;
				GCC_WARN_UNDECLARED_SELECTOR = YES;
				GCC_WARN_UNINITIALIZED_AUTOS = YES_AGGRESSIVE;
				GCC_WARN_UNUSED_FUNCTION = YES;
				GCC_WARN_UNUSED_VARIABLE = YES;
				IPHONEOS_DEPLOYMENT_TARGET = 13.2;
				MTL_ENABLE_DEBUG_INFO = NO;
				MTL_FAST_MATH = YES;
				SDKROOT = iphoneos;
				SWIFT_COMPILATION_MODE = wholemodule;
				SWIFT_OPTIMIZATION_LEVEL = "-O";
				VALIDATE_PRODUCT = YES;
			};
			name = Release;
		};
		E8E35FFB245AE31A0088EDB2 /* Debug */ = {
			isa = XCBuildConfiguration;
			buildSettings = {
				ASSETCATALOG_COMPILER_APPICON_NAME = AppIcon;
				CODE_SIGN_STYLE = Automatic;
				DEVELOPMENT_TEAM = 4Y5NM4C9D2;
				INFOPLIST_FILE = Pawsome/Info.plist;
				IPHONEOS_DEPLOYMENT_TARGET = 12.2;
				LD_RUNPATH_SEARCH_PATHS = (
					"$(inherited)",
					"@executable_path/Frameworks",
				);
				PRODUCT_BUNDLE_IDENTIFIER = "Bilous-Aleksandr.Pawsome";
				PRODUCT_NAME = "$(TARGET_NAME)";
				SWIFT_VERSION = 5.0;
				TARGETED_DEVICE_FAMILY = 1;
			};
			name = Debug;
		};
		E8E35FFC245AE31A0088EDB2 /* Release */ = {
			isa = XCBuildConfiguration;
			buildSettings = {
				ASSETCATALOG_COMPILER_APPICON_NAME = AppIcon;
				CODE_SIGN_STYLE = Automatic;
				DEVELOPMENT_TEAM = 4Y5NM4C9D2;
				INFOPLIST_FILE = Pawsome/Info.plist;
				IPHONEOS_DEPLOYMENT_TARGET = 12.2;
				LD_RUNPATH_SEARCH_PATHS = (
					"$(inherited)",
					"@executable_path/Frameworks",
				);
				PRODUCT_BUNDLE_IDENTIFIER = "Bilous-Aleksandr.Pawsome";
				PRODUCT_NAME = "$(TARGET_NAME)";
				SWIFT_VERSION = 5.0;
				TARGETED_DEVICE_FAMILY = 1;
			};
			name = Release;
		};
/* End XCBuildConfiguration section */

/* Begin XCConfigurationList section */
		E8E35FDE245AE3160088EDB2 /* Build configuration list for PBXProject "Pawsome" */ = {
			isa = XCConfigurationList;
			buildConfigurations = (
				E8E35FF8245AE31A0088EDB2 /* Debug */,
				E8E35FF9245AE31A0088EDB2 /* Release */,
			);
			defaultConfigurationIsVisible = 0;
			defaultConfigurationName = Release;
		};
		E8E35FFA245AE31A0088EDB2 /* Build configuration list for PBXNativeTarget "Pawsome" */ = {
			isa = XCConfigurationList;
			buildConfigurations = (
				E8E35FFB245AE31A0088EDB2 /* Debug */,
				E8E35FFC245AE31A0088EDB2 /* Release */,
			);
			defaultConfigurationIsVisible = 0;
			defaultConfigurationName = Release;
		};
/* End XCConfigurationList section */
	};
	rootObject = E8E35FDB245AE3160088EDB2 /* Project object */;
}
