// !$*UTF8*$!
{
	archiveVersion = 1;
	classes = {
	};
	objectVersion = 50;
	objects = {

/* Begin PBXBuildFile section */
		E812315C245D7DDC00040C2B /* CatFeedlayout.swift in Sources */ = {isa = PBXBuildFile; fileRef = E812315B245D7DDC00040C2B /* CatFeedlayout.swift */; };
		E812315E245DA94100040C2B /* SingleViewFeedCell.swift in Sources */ = {isa = PBXBuildFile; fileRef = E812315D245DA94100040C2B /* SingleViewFeedCell.swift */; };
		E81ECDE224603F4800E9A63E /* BreedViewModel.swift in Sources */ = {isa = PBXBuildFile; fileRef = E81ECDE124603F4800E9A63E /* BreedViewModel.swift */; };
		E81ECDE42460440100E9A63E /* FeedViewModel.swift in Sources */ = {isa = PBXBuildFile; fileRef = E81ECDE32460440100E9A63E /* FeedViewModel.swift */; };
		E82667E2245C059900CBAEA7 /* FeedCollectionViewController.swift in Sources */ = {isa = PBXBuildFile; fileRef = E82667E1245C059900CBAEA7 /* FeedCollectionViewController.swift */; };
		E82667E4245C074900CBAEA7 /* UIView+Corners.swift in Sources */ = {isa = PBXBuildFile; fileRef = E82667E3245C074900CBAEA7 /* UIView+Corners.swift */; };
		E82667E8245C13D000CBAEA7 /* BreedDetailsCollectionViewCell.swift in Sources */ = {isa = PBXBuildFile; fileRef = E82667E7245C13D000CBAEA7 /* BreedDetailsCollectionViewCell.swift */; };
		E82667EC245C4B7C00CBAEA7 /* Label.swift in Sources */ = {isa = PBXBuildFile; fileRef = E82667EB245C4B7C00CBAEA7 /* Label.swift */; };
		E82667EE245C5CC500CBAEA7 /* SingleBreedCollectionViewCell.swift in Sources */ = {isa = PBXBuildFile; fileRef = E82667ED245C5CC500CBAEA7 /* SingleBreedCollectionViewCell.swift */; };
		E82667F0245C5FBC00CBAEA7 /* UIImage+Resizing.swift in Sources */ = {isa = PBXBuildFile; fileRef = E82667EF245C5FBC00CBAEA7 /* UIImage+Resizing.swift */; };
		E82B6CDA246D692400D6F38D /* UIView+Animation.swift in Sources */ = {isa = PBXBuildFile; fileRef = E82B6CD9246D692400D6F38D /* UIView+Animation.swift */; };
		E82B6CE0246D955700D6F38D /* CustomSegmentedController.swift in Sources */ = {isa = PBXBuildFile; fileRef = E82B6CDF246D955700D6F38D /* CustomSegmentedController.swift */; };
		E84BE34A246448FF00A8E1E9 /* AppContext.swift in Sources */ = {isa = PBXBuildFile; fileRef = E84BE349246448FF00A8E1E9 /* AppContext.swift */; };
		E84BE34C24644A6000A8E1E9 /* FileManagerService.swift in Sources */ = {isa = PBXBuildFile; fileRef = E84BE34B24644A6000A8E1E9 /* FileManagerService.swift */; };
		E84BE34F2464573400A8E1E9 /* FullScreenViewController.swift in Sources */ = {isa = PBXBuildFile; fileRef = E84BE34E2464573400A8E1E9 /* FullScreenViewController.swift */; };
		E84BE351246457A600A8E1E9 /* FullScrenViewModel.swift in Sources */ = {isa = PBXBuildFile; fileRef = E84BE350246457A600A8E1E9 /* FullScrenViewModel.swift */; };
		E84BE35324645AA300A8E1E9 /* FullScreenTableViewCell.swift in Sources */ = {isa = PBXBuildFile; fileRef = E84BE35224645AA300A8E1E9 /* FullScreenTableViewCell.swift */; };
		E8542EEB245B12C7008D56B0 /* Strings.swift in Sources */ = {isa = PBXBuildFile; fileRef = E8542EEA245B12C7008D56B0 /* Strings.swift */; };
		E8542EEF245B130A008D56B0 /* NetworkService.swift in Sources */ = {isa = PBXBuildFile; fileRef = E8542EEE245B130A008D56B0 /* NetworkService.swift */; };
		E8542EF2245B1556008D56B0 /* SingleBreedViewController.swift in Sources */ = {isa = PBXBuildFile; fileRef = E8542EF1245B1556008D56B0 /* SingleBreedViewController.swift */; };
		E8542EF7245B18CC008D56B0 /* UIColor.swift in Sources */ = {isa = PBXBuildFile; fileRef = E8542EF6245B18CC008D56B0 /* UIColor.swift */; };
		E8542EF9245B1BB9008D56B0 /* BreedsCollectionViewController.swift in Sources */ = {isa = PBXBuildFile; fileRef = E8542EF8245B1BB9008D56B0 /* BreedsCollectionViewController.swift */; };
		E8542EFB245B1CB1008D56B0 /* UITableView+CellRegistration.swift in Sources */ = {isa = PBXBuildFile; fileRef = E8542EFA245B1CB1008D56B0 /* UITableView+CellRegistration.swift */; };
		E8542EFD245B1D7D008D56B0 /* RootTabBarViewController.swift in Sources */ = {isa = PBXBuildFile; fileRef = E8542EFC245B1D7D008D56B0 /* RootTabBarViewController.swift */; };
		E8542EFF245B215E008D56B0 /* StyleGuide.swift in Sources */ = {isa = PBXBuildFile; fileRef = E8542EFE245B215E008D56B0 /* StyleGuide.swift */; };
		E85710082466922800FEB4DD /* Highlyintelligent.png in Resources */ = {isa = PBXBuildFile; fileRef = E8570FDA2466922700FEB4DD /* Highlyintelligent.png */; };
		E85710092466922800FEB4DD /* Shy.png in Resources */ = {isa = PBXBuildFile; fileRef = E8570FDB2466922700FEB4DD /* Shy.png */; };
		E857100A2466922800FEB4DD /* Intelligent.png in Resources */ = {isa = PBXBuildFile; fileRef = E8570FDC2466922700FEB4DD /* Intelligent.png */; };
		E857100B2466922800FEB4DD /* Adventurous.png in Resources */ = {isa = PBXBuildFile; fileRef = E8570FDD2466922700FEB4DD /* Adventurous.png */; };
		E857100C2466922800FEB4DD /* Fun-loving.png in Resources */ = {isa = PBXBuildFile; fileRef = E8570FDE2466922700FEB4DD /* Fun-loving.png */; };
		E857100D2466922800FEB4DD /* Lively.png in Resources */ = {isa = PBXBuildFile; fileRef = E8570FDF2466922700FEB4DD /* Lively.png */; };
		E857100E2466922800FEB4DD /* Peaceful.png in Resources */ = {isa = PBXBuildFile; fileRef = E8570FE02466922700FEB4DD /* Peaceful.png */; };
		E857100F2466922800FEB4DD /* Sweet.png in Resources */ = {isa = PBXBuildFile; fileRef = E8570FE12466922700FEB4DD /* Sweet.png */; };
		E85710102466922800FEB4DD /* Trainable.png in Resources */ = {isa = PBXBuildFile; fileRef = E8570FE22466922700FEB4DD /* Trainable.png */; };
		E85710112466922800FEB4DD /* Gentle.png in Resources */ = {isa = PBXBuildFile; fileRef = E8570FE32466922700FEB4DD /* Gentle.png */; };
		E85710122466922800FEB4DD /* Mischievous.png in Resources */ = {isa = PBXBuildFile; fileRef = E8570FE42466922700FEB4DD /* Mischievous.png */; };
		E85710132466922800FEB4DD /* Sensitive.png in Resources */ = {isa = PBXBuildFile; fileRef = E8570FE52466922700FEB4DD /* Sensitive.png */; };
		E85710142466922800FEB4DD /* Loving.png in Resources */ = {isa = PBXBuildFile; fileRef = E8570FE62466922700FEB4DD /* Loving.png */; };
		E85710152466922800FEB4DD /* Affectionate.png in Resources */ = {isa = PBXBuildFile; fileRef = E8570FE72466922700FEB4DD /* Affectionate.png */; };
		E85710162466922800FEB4DD /* Playful.png in Resources */ = {isa = PBXBuildFile; fileRef = E8570FE82466922700FEB4DD /* Playful.png */; };
		E85710172466922800FEB4DD /* Sedate.png in Resources */ = {isa = PBXBuildFile; fileRef = E8570FE92466922700FEB4DD /* Sedate.png */; };
		E85710182466922800FEB4DD /* Inquisitive.png in Resources */ = {isa = PBXBuildFile; fileRef = E8570FEA2466922700FEB4DD /* Inquisitive.png */; };
		E85710192466922800FEB4DD /* Outgoing.png in Resources */ = {isa = PBXBuildFile; fileRef = E8570FEB2466922700FEB4DD /* Outgoing.png */; };
		E857101A2466922800FEB4DD /* Sweet-tempered.png in Resources */ = {isa = PBXBuildFile; fileRef = E8570FEC2466922700FEB4DD /* Sweet-tempered.png */; };
		E857101B2466922800FEB4DD /* Interactive.png in Resources */ = {isa = PBXBuildFile; fileRef = E8570FED2466922700FEB4DD /* Interactive.png */; };
		E857101C2466922800FEB4DD /* Expressive.png in Resources */ = {isa = PBXBuildFile; fileRef = E8570FEE2466922700FEB4DD /* Expressive.png */; };
		E857101D2466922800FEB4DD /* Sociable.png in Resources */ = {isa = PBXBuildFile; fileRef = E8570FEF2466922700FEB4DD /* Sociable.png */; };
		E857101E2466922800FEB4DD /* Talkative.png in Resources */ = {isa = PBXBuildFile; fileRef = E8570FF02466922700FEB4DD /* Talkative.png */; };
		E857101F2466922800FEB4DD /* Alert.png in Resources */ = {isa = PBXBuildFile; fileRef = E8570FF12466922700FEB4DD /* Alert.png */; };
		E85710202466922800FEB4DD /* Dependent.png in Resources */ = {isa = PBXBuildFile; fileRef = E8570FF22466922700FEB4DD /* Dependent.png */; };
		E85710212466922800FEB4DD /* Curious.png in Resources */ = {isa = PBXBuildFile; fileRef = E8570FF32466922700FEB4DD /* Curious.png */; };
		E85710222466922800FEB4DD /* Highlyinteractive.png in Resources */ = {isa = PBXBuildFile; fileRef = E8570FF42466922700FEB4DD /* Highlyinteractive.png */; };
		E85710232466922800FEB4DD /* Clever.png in Resources */ = {isa = PBXBuildFile; fileRef = E8570FF52466922800FEB4DD /* Clever.png */; };
		E85710242466922800FEB4DD /* Energetic.png in Resources */ = {isa = PBXBuildFile; fileRef = E8570FF62466922800FEB4DD /* Energetic.png */; };
		E85710252466922800FEB4DD /* Adaptable.png in Resources */ = {isa = PBXBuildFile; fileRef = E8570FF72466922800FEB4DD /* Adaptable.png */; };
		E85710262466922800FEB4DD /* Social.png in Resources */ = {isa = PBXBuildFile; fileRef = E8570FF82466922800FEB4DD /* Social.png */; };
		E85710272466922800FEB4DD /* Agile.png in Resources */ = {isa = PBXBuildFile; fileRef = E8570FF92466922800FEB4DD /* Agile.png */; };
		E85710282466922800FEB4DD /* Independent.png in Resources */ = {isa = PBXBuildFile; fileRef = E8570FFA2466922800FEB4DD /* Independent.png */; };
		E85710292466922800FEB4DD /* Demanding.png in Resources */ = {isa = PBXBuildFile; fileRef = E8570FFB2466922800FEB4DD /* Demanding.png */; };
		E857102A2466922800FEB4DD /* Calm.png in Resources */ = {isa = PBXBuildFile; fileRef = E8570FFC2466922800FEB4DD /* Calm.png */; };
		E857102B2466922800FEB4DD /* Easygoing.png in Resources */ = {isa = PBXBuildFile; fileRef = E8570FFD2466922800FEB4DD /* Easygoing.png */; };
		E857102C2466922800FEB4DD /* Loyal.png in Resources */ = {isa = PBXBuildFile; fileRef = E8570FFE2466922800FEB4DD /* Loyal.png */; };
		E857102D2466922800FEB4DD /* Relaxed.png in Resources */ = {isa = PBXBuildFile; fileRef = E8570FFF2466922800FEB4DD /* Relaxed.png */; };
		E857102E2466922800FEB4DD /* Sensible.png in Resources */ = {isa = PBXBuildFile; fileRef = E85710002466922800FEB4DD /* Sensible.png */; };
		E857102F2466922800FEB4DD /* Tenacious.png in Resources */ = {isa = PBXBuildFile; fileRef = E85710012466922800FEB4DD /* Tenacious.png */; };
		E85710302466922800FEB4DD /* Devoted.png in Resources */ = {isa = PBXBuildFile; fileRef = E85710022466922800FEB4DD /* Devoted.png */; };
		E85710312466922800FEB4DD /* Friendly.png in Resources */ = {isa = PBXBuildFile; fileRef = E85710032466922800FEB4DD /* Friendly.png */; };
		E85710322466922800FEB4DD /* Warm.png in Resources */ = {isa = PBXBuildFile; fileRef = E85710042466922800FEB4DD /* Warm.png */; };
		E85710332466922800FEB4DD /* Active.png in Resources */ = {isa = PBXBuildFile; fileRef = E85710052466922800FEB4DD /* Active.png */; };
		E85710342466922800FEB4DD /* Patient.png in Resources */ = {isa = PBXBuildFile; fileRef = E85710062466922800FEB4DD /* Patient.png */; };
		E85710352466922800FEB4DD /* Quiet.png in Resources */ = {isa = PBXBuildFile; fileRef = E85710072466922800FEB4DD /* Quiet.png */; };
		E85710372466CA2F00FEB4DD /* UIDevice+UUID.swift in Sources */ = {isa = PBXBuildFile; fileRef = E85710362466CA2F00FEB4DD /* UIDevice+UUID.swift */; };
		E8937938246EAF2000AB87A7 /* Localizable.strings in Resources */ = {isa = PBXBuildFile; fileRef = E8937937246EAF2000AB87A7 /* Localizable.strings */; };
		E89EFA8C246AE41100D5D215 /* HeaderDetailsView.swift in Sources */ = {isa = PBXBuildFile; fileRef = E89EFA89246AE41100D5D215 /* HeaderDetailsView.swift */; };
		E89EFA8D246AE41100D5D215 /* BreedHeaderView.swift in Sources */ = {isa = PBXBuildFile; fileRef = E89EFA8A246AE41100D5D215 /* BreedHeaderView.swift */; };
		E89EFA8E246AE41100D5D215 /* BreedFeatureView.swift in Sources */ = {isa = PBXBuildFile; fileRef = E89EFA8B246AE41100D5D215 /* BreedFeatureView.swift */; };
		E8B42F7324656FA800FBA2C8 /* UICollectionView+Cell.swift in Sources */ = {isa = PBXBuildFile; fileRef = E8B42F7224656FA800FBA2C8 /* UICollectionView+Cell.swift */; };
		E8B42F7924657EDD00FBA2C8 /* BreedScrollView.swift in Sources */ = {isa = PBXBuildFile; fileRef = E8B42F7824657EDD00FBA2C8 /* BreedScrollView.swift */; };
		E8B42F7B24657F1600FBA2C8 /* SavedImagesViewController.swift in Sources */ = {isa = PBXBuildFile; fileRef = E8B42F7A24657F1600FBA2C8 /* SavedImagesViewController.swift */; };
		E8B42F7D2465994400FBA2C8 /* BreedShortInfoView.swift in Sources */ = {isa = PBXBuildFile; fileRef = E8B42F7C2465994400FBA2C8 /* BreedShortInfoView.swift */; };
		E8BC3B802465B3C200C839D4 /* UserDefaultService.swift in Sources */ = {isa = PBXBuildFile; fileRef = E8BC3B7F2465B3C200C839D4 /* UserDefaultService.swift */; };
		E8BC3B822465C06100C839D4 /* Button.swift in Sources */ = {isa = PBXBuildFile; fileRef = E8BC3B812465C06100C839D4 /* Button.swift */; };
		E8BC3B842465C18B00C839D4 /* SavedImagesViewModel.swift in Sources */ = {isa = PBXBuildFile; fileRef = E8BC3B832465C18B00C839D4 /* SavedImagesViewModel.swift */; };
		E8CC710C246C247E00DBCBB1 /* UIScreen+Width.swift in Sources */ = {isa = PBXBuildFile; fileRef = E8CC710B246C247E00DBCBB1 /* UIScreen+Width.swift */; };
		E8E35FE7245AE3160088EDB2 /* AppDelegate.swift in Sources */ = {isa = PBXBuildFile; fileRef = E8E35FE6245AE3160088EDB2 /* AppDelegate.swift */; };
		E8E35FEE245AE3160088EDB2 /* Main.storyboard in Resources */ = {isa = PBXBuildFile; fileRef = E8E35FEC245AE3160088EDB2 /* Main.storyboard */; };
		E8E35FF3245AE31A0088EDB2 /* Assets.xcassets in Resources */ = {isa = PBXBuildFile; fileRef = E8E35FF2245AE31A0088EDB2 /* Assets.xcassets */; };
		E8E35FF6245AE31A0088EDB2 /* LaunchScreen.storyboard in Resources */ = {isa = PBXBuildFile; fileRef = E8E35FF4245AE31A0088EDB2 /* LaunchScreen.storyboard */; };
		E8F1DD7824618E71002CCAF3 /* BreedShortInfoViewController.swift in Sources */ = {isa = PBXBuildFile; fileRef = E8F1DD7724618E71002CCAF3 /* BreedShortInfoViewController.swift */; };
		E8F1DD7A2461A813002CCAF3 /* UIViewController+PresentingVC.swift in Sources */ = {isa = PBXBuildFile; fileRef = E8F1DD792461A813002CCAF3 /* UIViewController+PresentingVC.swift */; };
/* End PBXBuildFile section */

/* Begin PBXFileReference section */
		E812315B245D7DDC00040C2B /* CatFeedlayout.swift */ = {isa = PBXFileReference; lastKnownFileType = sourcecode.swift; path = CatFeedlayout.swift; sourceTree = "<group>"; };
		E812315D245DA94100040C2B /* SingleViewFeedCell.swift */ = {isa = PBXFileReference; lastKnownFileType = sourcecode.swift; path = SingleViewFeedCell.swift; sourceTree = "<group>"; };
		E81ECDE124603F4800E9A63E /* BreedViewModel.swift */ = {isa = PBXFileReference; lastKnownFileType = sourcecode.swift; path = BreedViewModel.swift; sourceTree = "<group>"; };
		E81ECDE32460440100E9A63E /* FeedViewModel.swift */ = {isa = PBXFileReference; lastKnownFileType = sourcecode.swift; path = FeedViewModel.swift; sourceTree = "<group>"; };
		E82667E1245C059900CBAEA7 /* FeedCollectionViewController.swift */ = {isa = PBXFileReference; lastKnownFileType = sourcecode.swift; path = FeedCollectionViewController.swift; sourceTree = "<group>"; };
		E82667E3245C074900CBAEA7 /* UIView+Corners.swift */ = {isa = PBXFileReference; lastKnownFileType = sourcecode.swift; path = "UIView+Corners.swift"; sourceTree = "<group>"; };
		E82667E7245C13D000CBAEA7 /* BreedDetailsCollectionViewCell.swift */ = {isa = PBXFileReference; lastKnownFileType = sourcecode.swift; path = BreedDetailsCollectionViewCell.swift; sourceTree = "<group>"; };
		E82667EB245C4B7C00CBAEA7 /* Label.swift */ = {isa = PBXFileReference; lastKnownFileType = sourcecode.swift; path = Label.swift; sourceTree = "<group>"; };
		E82667ED245C5CC500CBAEA7 /* SingleBreedCollectionViewCell.swift */ = {isa = PBXFileReference; lastKnownFileType = sourcecode.swift; path = SingleBreedCollectionViewCell.swift; sourceTree = "<group>"; };
		E82667EF245C5FBC00CBAEA7 /* UIImage+Resizing.swift */ = {isa = PBXFileReference; lastKnownFileType = sourcecode.swift; path = "UIImage+Resizing.swift"; sourceTree = "<group>"; };
		E82B6CD9246D692400D6F38D /* UIView+Animation.swift */ = {isa = PBXFileReference; lastKnownFileType = sourcecode.swift; path = "UIView+Animation.swift"; sourceTree = "<group>"; };
		E82B6CDF246D955700D6F38D /* CustomSegmentedController.swift */ = {isa = PBXFileReference; lastKnownFileType = sourcecode.swift; path = CustomSegmentedController.swift; sourceTree = "<group>"; };
		E84BE349246448FF00A8E1E9 /* AppContext.swift */ = {isa = PBXFileReference; lastKnownFileType = sourcecode.swift; path = AppContext.swift; sourceTree = "<group>"; };
		E84BE34B24644A6000A8E1E9 /* FileManagerService.swift */ = {isa = PBXFileReference; lastKnownFileType = sourcecode.swift; path = FileManagerService.swift; sourceTree = "<group>"; };
		E84BE34E2464573400A8E1E9 /* FullScreenViewController.swift */ = {isa = PBXFileReference; lastKnownFileType = sourcecode.swift; path = FullScreenViewController.swift; sourceTree = "<group>"; };
		E84BE350246457A600A8E1E9 /* FullScrenViewModel.swift */ = {isa = PBXFileReference; lastKnownFileType = sourcecode.swift; path = FullScrenViewModel.swift; sourceTree = "<group>"; };
		E84BE35224645AA300A8E1E9 /* FullScreenTableViewCell.swift */ = {isa = PBXFileReference; lastKnownFileType = sourcecode.swift; path = FullScreenTableViewCell.swift; sourceTree = "<group>"; };
		E8542EEA245B12C7008D56B0 /* Strings.swift */ = {isa = PBXFileReference; lastKnownFileType = sourcecode.swift; path = Strings.swift; sourceTree = "<group>"; };
		E8542EEE245B130A008D56B0 /* NetworkService.swift */ = {isa = PBXFileReference; lastKnownFileType = sourcecode.swift; path = NetworkService.swift; sourceTree = "<group>"; };
		E8542EF1245B1556008D56B0 /* SingleBreedViewController.swift */ = {isa = PBXFileReference; lastKnownFileType = sourcecode.swift; path = SingleBreedViewController.swift; sourceTree = "<group>"; };
		E8542EF6245B18CC008D56B0 /* UIColor.swift */ = {isa = PBXFileReference; lastKnownFileType = sourcecode.swift; path = UIColor.swift; sourceTree = "<group>"; };
		E8542EF8245B1BB9008D56B0 /* BreedsCollectionViewController.swift */ = {isa = PBXFileReference; lastKnownFileType = sourcecode.swift; path = BreedsCollectionViewController.swift; sourceTree = "<group>"; };
		E8542EFA245B1CB1008D56B0 /* UITableView+CellRegistration.swift */ = {isa = PBXFileReference; lastKnownFileType = sourcecode.swift; path = "UITableView+CellRegistration.swift"; sourceTree = "<group>"; };
		E8542EFC245B1D7D008D56B0 /* RootTabBarViewController.swift */ = {isa = PBXFileReference; lastKnownFileType = sourcecode.swift; path = RootTabBarViewController.swift; sourceTree = "<group>"; };
		E8542EFE245B215E008D56B0 /* StyleGuide.swift */ = {isa = PBXFileReference; lastKnownFileType = sourcecode.swift; path = StyleGuide.swift; sourceTree = "<group>"; };
		E8570FDA2466922700FEB4DD /* Highlyintelligent.png */ = {isa = PBXFileReference; lastKnownFileType = image.png; name = Highlyintelligent.png; path = Pawsome/Resources/BreedTempImg/Highlyintelligent.png; sourceTree = SOURCE_ROOT; };
		E8570FDB2466922700FEB4DD /* Shy.png */ = {isa = PBXFileReference; lastKnownFileType = image.png; name = Shy.png; path = Pawsome/Resources/BreedTempImg/Shy.png; sourceTree = SOURCE_ROOT; };
		E8570FDC2466922700FEB4DD /* Intelligent.png */ = {isa = PBXFileReference; lastKnownFileType = image.png; name = Intelligent.png; path = Pawsome/Resources/BreedTempImg/Intelligent.png; sourceTree = SOURCE_ROOT; };
		E8570FDD2466922700FEB4DD /* Adventurous.png */ = {isa = PBXFileReference; lastKnownFileType = image.png; name = Adventurous.png; path = Pawsome/Resources/BreedTempImg/Adventurous.png; sourceTree = SOURCE_ROOT; };
		E8570FDE2466922700FEB4DD /* Fun-loving.png */ = {isa = PBXFileReference; lastKnownFileType = image.png; name = "Fun-loving.png"; path = "Pawsome/Resources/BreedTempImg/Fun-loving.png"; sourceTree = SOURCE_ROOT; };
		E8570FDF2466922700FEB4DD /* Lively.png */ = {isa = PBXFileReference; lastKnownFileType = image.png; name = Lively.png; path = Pawsome/Resources/BreedTempImg/Lively.png; sourceTree = SOURCE_ROOT; };
		E8570FE02466922700FEB4DD /* Peaceful.png */ = {isa = PBXFileReference; lastKnownFileType = image.png; name = Peaceful.png; path = Pawsome/Resources/BreedTempImg/Peaceful.png; sourceTree = SOURCE_ROOT; };
		E8570FE12466922700FEB4DD /* Sweet.png */ = {isa = PBXFileReference; lastKnownFileType = image.png; name = Sweet.png; path = Pawsome/Resources/BreedTempImg/Sweet.png; sourceTree = SOURCE_ROOT; };
		E8570FE22466922700FEB4DD /* Trainable.png */ = {isa = PBXFileReference; lastKnownFileType = image.png; name = Trainable.png; path = Pawsome/Resources/BreedTempImg/Trainable.png; sourceTree = SOURCE_ROOT; };
		E8570FE32466922700FEB4DD /* Gentle.png */ = {isa = PBXFileReference; lastKnownFileType = image.png; name = Gentle.png; path = Pawsome/Resources/BreedTempImg/Gentle.png; sourceTree = SOURCE_ROOT; };
		E8570FE42466922700FEB4DD /* Mischievous.png */ = {isa = PBXFileReference; lastKnownFileType = image.png; name = Mischievous.png; path = Pawsome/Resources/BreedTempImg/Mischievous.png; sourceTree = SOURCE_ROOT; };
		E8570FE52466922700FEB4DD /* Sensitive.png */ = {isa = PBXFileReference; lastKnownFileType = image.png; name = Sensitive.png; path = Pawsome/Resources/BreedTempImg/Sensitive.png; sourceTree = SOURCE_ROOT; };
		E8570FE62466922700FEB4DD /* Loving.png */ = {isa = PBXFileReference; lastKnownFileType = image.png; name = Loving.png; path = Pawsome/Resources/BreedTempImg/Loving.png; sourceTree = SOURCE_ROOT; };
		E8570FE72466922700FEB4DD /* Affectionate.png */ = {isa = PBXFileReference; lastKnownFileType = image.png; name = Affectionate.png; path = Pawsome/Resources/BreedTempImg/Affectionate.png; sourceTree = SOURCE_ROOT; };
		E8570FE82466922700FEB4DD /* Playful.png */ = {isa = PBXFileReference; lastKnownFileType = image.png; name = Playful.png; path = Pawsome/Resources/BreedTempImg/Playful.png; sourceTree = SOURCE_ROOT; };
		E8570FE92466922700FEB4DD /* Sedate.png */ = {isa = PBXFileReference; lastKnownFileType = image.png; name = Sedate.png; path = Pawsome/Resources/BreedTempImg/Sedate.png; sourceTree = SOURCE_ROOT; };
		E8570FEA2466922700FEB4DD /* Inquisitive.png */ = {isa = PBXFileReference; lastKnownFileType = image.png; name = Inquisitive.png; path = Pawsome/Resources/BreedTempImg/Inquisitive.png; sourceTree = SOURCE_ROOT; };
		E8570FEB2466922700FEB4DD /* Outgoing.png */ = {isa = PBXFileReference; lastKnownFileType = image.png; name = Outgoing.png; path = Pawsome/Resources/BreedTempImg/Outgoing.png; sourceTree = SOURCE_ROOT; };
		E8570FEC2466922700FEB4DD /* Sweet-tempered.png */ = {isa = PBXFileReference; lastKnownFileType = image.png; name = "Sweet-tempered.png"; path = "Pawsome/Resources/BreedTempImg/Sweet-tempered.png"; sourceTree = SOURCE_ROOT; };
		E8570FED2466922700FEB4DD /* Interactive.png */ = {isa = PBXFileReference; lastKnownFileType = image.png; name = Interactive.png; path = Pawsome/Resources/BreedTempImg/Interactive.png; sourceTree = SOURCE_ROOT; };
		E8570FEE2466922700FEB4DD /* Expressive.png */ = {isa = PBXFileReference; lastKnownFileType = image.png; name = Expressive.png; path = Pawsome/Resources/BreedTempImg/Expressive.png; sourceTree = SOURCE_ROOT; };
		E8570FEF2466922700FEB4DD /* Sociable.png */ = {isa = PBXFileReference; lastKnownFileType = image.png; name = Sociable.png; path = Pawsome/Resources/BreedTempImg/Sociable.png; sourceTree = SOURCE_ROOT; };
		E8570FF02466922700FEB4DD /* Talkative.png */ = {isa = PBXFileReference; lastKnownFileType = image.png; name = Talkative.png; path = Pawsome/Resources/BreedTempImg/Talkative.png; sourceTree = SOURCE_ROOT; };
		E8570FF12466922700FEB4DD /* Alert.png */ = {isa = PBXFileReference; lastKnownFileType = image.png; name = Alert.png; path = Pawsome/Resources/BreedTempImg/Alert.png; sourceTree = SOURCE_ROOT; };
		E8570FF22466922700FEB4DD /* Dependent.png */ = {isa = PBXFileReference; lastKnownFileType = image.png; name = Dependent.png; path = Pawsome/Resources/BreedTempImg/Dependent.png; sourceTree = SOURCE_ROOT; };
		E8570FF32466922700FEB4DD /* Curious.png */ = {isa = PBXFileReference; lastKnownFileType = image.png; name = Curious.png; path = Pawsome/Resources/BreedTempImg/Curious.png; sourceTree = SOURCE_ROOT; };
		E8570FF42466922700FEB4DD /* Highlyinteractive.png */ = {isa = PBXFileReference; lastKnownFileType = image.png; name = Highlyinteractive.png; path = Pawsome/Resources/BreedTempImg/Highlyinteractive.png; sourceTree = SOURCE_ROOT; };
		E8570FF52466922800FEB4DD /* Clever.png */ = {isa = PBXFileReference; lastKnownFileType = image.png; name = Clever.png; path = Pawsome/Resources/BreedTempImg/Clever.png; sourceTree = SOURCE_ROOT; };
		E8570FF62466922800FEB4DD /* Energetic.png */ = {isa = PBXFileReference; lastKnownFileType = image.png; name = Energetic.png; path = Pawsome/Resources/BreedTempImg/Energetic.png; sourceTree = SOURCE_ROOT; };
		E8570FF72466922800FEB4DD /* Adaptable.png */ = {isa = PBXFileReference; lastKnownFileType = image.png; name = Adaptable.png; path = Pawsome/Resources/BreedTempImg/Adaptable.png; sourceTree = SOURCE_ROOT; };
		E8570FF82466922800FEB4DD /* Social.png */ = {isa = PBXFileReference; lastKnownFileType = image.png; name = Social.png; path = Pawsome/Resources/BreedTempImg/Social.png; sourceTree = SOURCE_ROOT; };
		E8570FF92466922800FEB4DD /* Agile.png */ = {isa = PBXFileReference; lastKnownFileType = image.png; name = Agile.png; path = Pawsome/Resources/BreedTempImg/Agile.png; sourceTree = SOURCE_ROOT; };
		E8570FFA2466922800FEB4DD /* Independent.png */ = {isa = PBXFileReference; lastKnownFileType = image.png; name = Independent.png; path = Pawsome/Resources/BreedTempImg/Independent.png; sourceTree = SOURCE_ROOT; };
		E8570FFB2466922800FEB4DD /* Demanding.png */ = {isa = PBXFileReference; lastKnownFileType = image.png; name = Demanding.png; path = Pawsome/Resources/BreedTempImg/Demanding.png; sourceTree = SOURCE_ROOT; };
		E8570FFC2466922800FEB4DD /* Calm.png */ = {isa = PBXFileReference; lastKnownFileType = image.png; name = Calm.png; path = Pawsome/Resources/BreedTempImg/Calm.png; sourceTree = SOURCE_ROOT; };
		E8570FFD2466922800FEB4DD /* Easygoing.png */ = {isa = PBXFileReference; lastKnownFileType = image.png; name = Easygoing.png; path = Pawsome/Resources/BreedTempImg/Easygoing.png; sourceTree = SOURCE_ROOT; };
		E8570FFE2466922800FEB4DD /* Loyal.png */ = {isa = PBXFileReference; lastKnownFileType = image.png; name = Loyal.png; path = Pawsome/Resources/BreedTempImg/Loyal.png; sourceTree = SOURCE_ROOT; };
		E8570FFF2466922800FEB4DD /* Relaxed.png */ = {isa = PBXFileReference; lastKnownFileType = image.png; name = Relaxed.png; path = Pawsome/Resources/BreedTempImg/Relaxed.png; sourceTree = SOURCE_ROOT; };
		E85710002466922800FEB4DD /* Sensible.png */ = {isa = PBXFileReference; lastKnownFileType = image.png; name = Sensible.png; path = Pawsome/Resources/BreedTempImg/Sensible.png; sourceTree = SOURCE_ROOT; };
		E85710012466922800FEB4DD /* Tenacious.png */ = {isa = PBXFileReference; lastKnownFileType = image.png; name = Tenacious.png; path = Pawsome/Resources/BreedTempImg/Tenacious.png; sourceTree = SOURCE_ROOT; };
		E85710022466922800FEB4DD /* Devoted.png */ = {isa = PBXFileReference; lastKnownFileType = image.png; name = Devoted.png; path = Pawsome/Resources/BreedTempImg/Devoted.png; sourceTree = SOURCE_ROOT; };
		E85710032466922800FEB4DD /* Friendly.png */ = {isa = PBXFileReference; lastKnownFileType = image.png; name = Friendly.png; path = Pawsome/Resources/BreedTempImg/Friendly.png; sourceTree = SOURCE_ROOT; };
		E85710042466922800FEB4DD /* Warm.png */ = {isa = PBXFileReference; lastKnownFileType = image.png; name = Warm.png; path = Pawsome/Resources/BreedTempImg/Warm.png; sourceTree = SOURCE_ROOT; };
		E85710052466922800FEB4DD /* Active.png */ = {isa = PBXFileReference; lastKnownFileType = image.png; name = Active.png; path = Pawsome/Resources/BreedTempImg/Active.png; sourceTree = SOURCE_ROOT; };
		E85710062466922800FEB4DD /* Patient.png */ = {isa = PBXFileReference; lastKnownFileType = image.png; name = Patient.png; path = Pawsome/Resources/BreedTempImg/Patient.png; sourceTree = SOURCE_ROOT; };
		E85710072466922800FEB4DD /* Quiet.png */ = {isa = PBXFileReference; lastKnownFileType = image.png; name = Quiet.png; path = Pawsome/Resources/BreedTempImg/Quiet.png; sourceTree = SOURCE_ROOT; };
		E85710362466CA2F00FEB4DD /* UIDevice+UUID.swift */ = {isa = PBXFileReference; lastKnownFileType = sourcecode.swift; path = "UIDevice+UUID.swift"; sourceTree = "<group>"; };
		E8937937246EAF2000AB87A7 /* Localizable.strings */ = {isa = PBXFileReference; lastKnownFileType = text.plist.strings; path = Localizable.strings; sourceTree = "<group>"; };
		E89EFA89246AE41100D5D215 /* HeaderDetailsView.swift */ = {isa = PBXFileReference; fileEncoding = 4; lastKnownFileType = sourcecode.swift; name = HeaderDetailsView.swift; path = Pawsome/Screens/HeaderDetailsView.swift; sourceTree = SOURCE_ROOT; };
		E89EFA8A246AE41100D5D215 /* BreedHeaderView.swift */ = {isa = PBXFileReference; fileEncoding = 4; lastKnownFileType = sourcecode.swift; name = BreedHeaderView.swift; path = Pawsome/Screens/BreedHeaderView.swift; sourceTree = SOURCE_ROOT; };
		E89EFA8B246AE41100D5D215 /* BreedFeatureView.swift */ = {isa = PBXFileReference; fileEncoding = 4; lastKnownFileType = sourcecode.swift; name = BreedFeatureView.swift; path = Pawsome/Screens/BreedFeatureView.swift; sourceTree = SOURCE_ROOT; };
		E8B42F7224656FA800FBA2C8 /* UICollectionView+Cell.swift */ = {isa = PBXFileReference; lastKnownFileType = sourcecode.swift; path = "UICollectionView+Cell.swift"; sourceTree = "<group>"; };
		E8B42F7824657EDD00FBA2C8 /* BreedScrollView.swift */ = {isa = PBXFileReference; lastKnownFileType = sourcecode.swift; path = BreedScrollView.swift; sourceTree = "<group>"; };
		E8B42F7A24657F1600FBA2C8 /* SavedImagesViewController.swift */ = {isa = PBXFileReference; lastKnownFileType = sourcecode.swift; path = SavedImagesViewController.swift; sourceTree = "<group>"; };
		E8B42F7C2465994400FBA2C8 /* BreedShortInfoView.swift */ = {isa = PBXFileReference; lastKnownFileType = sourcecode.swift; path = BreedShortInfoView.swift; sourceTree = "<group>"; };
		E8BC3B7F2465B3C200C839D4 /* UserDefaultService.swift */ = {isa = PBXFileReference; lastKnownFileType = sourcecode.swift; path = UserDefaultService.swift; sourceTree = "<group>"; };
		E8BC3B812465C06100C839D4 /* Button.swift */ = {isa = PBXFileReference; lastKnownFileType = sourcecode.swift; path = Button.swift; sourceTree = "<group>"; };
		E8BC3B832465C18B00C839D4 /* SavedImagesViewModel.swift */ = {isa = PBXFileReference; lastKnownFileType = sourcecode.swift; path = SavedImagesViewModel.swift; sourceTree = "<group>"; };
		E8CC710B246C247E00DBCBB1 /* UIScreen+Width.swift */ = {isa = PBXFileReference; lastKnownFileType = sourcecode.swift; path = "UIScreen+Width.swift"; sourceTree = "<group>"; };
		E8E35FE3245AE3160088EDB2 /* Pawsome.app */ = {isa = PBXFileReference; explicitFileType = wrapper.application; includeInIndex = 0; path = Pawsome.app; sourceTree = BUILT_PRODUCTS_DIR; };
		E8E35FE6245AE3160088EDB2 /* AppDelegate.swift */ = {isa = PBXFileReference; lastKnownFileType = sourcecode.swift; path = AppDelegate.swift; sourceTree = "<group>"; };
		E8E35FED245AE3160088EDB2 /* Base */ = {isa = PBXFileReference; lastKnownFileType = file.storyboard; name = Base; path = Base.lproj/Main.storyboard; sourceTree = "<group>"; };
		E8E35FF2245AE31A0088EDB2 /* Assets.xcassets */ = {isa = PBXFileReference; lastKnownFileType = folder.assetcatalog; path = Assets.xcassets; sourceTree = "<group>"; };
		E8E35FF5245AE31A0088EDB2 /* Base */ = {isa = PBXFileReference; lastKnownFileType = file.storyboard; name = Base; path = Base.lproj/LaunchScreen.storyboard; sourceTree = "<group>"; };
		E8E35FF7245AE31A0088EDB2 /* Info.plist */ = {isa = PBXFileReference; lastKnownFileType = text.plist.xml; path = Info.plist; sourceTree = "<group>"; };
		E8F1DD7724618E71002CCAF3 /* BreedShortInfoViewController.swift */ = {isa = PBXFileReference; lastKnownFileType = sourcecode.swift; path = BreedShortInfoViewController.swift; sourceTree = "<group>"; };
		E8F1DD792461A813002CCAF3 /* UIViewController+PresentingVC.swift */ = {isa = PBXFileReference; lastKnownFileType = sourcecode.swift; path = "UIViewController+PresentingVC.swift"; sourceTree = "<group>"; };
/* End PBXFileReference section */

/* Begin PBXFrameworksBuildPhase section */
		E8E35FE0245AE3160088EDB2 /* Frameworks */ = {
			isa = PBXFrameworksBuildPhase;
			buildActionMask = 2147483647;
			files = (
			);
			runOnlyForDeploymentPostprocessing = 0;
		};
/* End PBXFrameworksBuildPhase section */

/* Begin PBXGroup section */
		E81ECDE52460441400E9A63E /* Feed of cats */ = {
			isa = PBXGroup;
			children = (
				E812315B245D7DDC00040C2B /* CatFeedlayout.swift */,
				E82667E1245C059900CBAEA7 /* FeedCollectionViewController.swift */,
				E81ECDE32460440100E9A63E /* FeedViewModel.swift */,
			);
			path = "Feed of cats";
			sourceTree = "<group>";
		};
		E81ECDE62460443400E9A63E /* Breeds */ = {
			isa = PBXGroup;
			children = (
				E81ECDE124603F4800E9A63E /* BreedViewModel.swift */,
				E8542EF1245B1556008D56B0 /* SingleBreedViewController.swift */,
				E8542EF8245B1BB9008D56B0 /* BreedsCollectionViewController.swift */,
				E8F1DD7724618E71002CCAF3 /* BreedShortInfoViewController.swift */,
			);
			path = Breeds;
			sourceTree = "<group>";
		};
		E84BE34D2464570F00A8E1E9 /* FullScreenFeed */ = {
			isa = PBXGroup;
			children = (
				E84BE34E2464573400A8E1E9 /* FullScreenViewController.swift */,
				E84BE350246457A600A8E1E9 /* FullScrenViewModel.swift */,
			);
			path = FullScreenFeed;
			sourceTree = "<group>";
		};
		E8542EEC245B12E0008D56B0 /* Factories */ = {
			isa = PBXGroup;
			children = (
				E82667EB245C4B7C00CBAEA7 /* Label.swift */,
				E8BC3B812465C06100C839D4 /* Button.swift */,
			);
			path = Factories;
			sourceTree = "<group>";
		};
		E8542EED245B12F2008D56B0 /* Services */ = {
			isa = PBXGroup;
			children = (
				E8542EEE245B130A008D56B0 /* NetworkService.swift */,
				E84BE34B24644A6000A8E1E9 /* FileManagerService.swift */,
				E8BC3B7F2465B3C200C839D4 /* UserDefaultService.swift */,
			);
			path = Services;
			sourceTree = "<group>";
		};
		E8542EF0245B1520008D56B0 /* Screens */ = {
			isa = PBXGroup;
			children = (
				E84BE34D2464570F00A8E1E9 /* FullScreenFeed */,
				E81ECDE62460443400E9A63E /* Breeds */,
				E8542EFC245B1D7D008D56B0 /* RootTabBarViewController.swift */,
				E81ECDE52460441400E9A63E /* Feed of cats */,
				E8B42F7A24657F1600FBA2C8 /* SavedImagesViewController.swift */,
				E8BC3B832465C18B00C839D4 /* SavedImagesViewModel.swift */,
			);
			path = Screens;
			sourceTree = "<group>";
		};
		E8542EF5245B18B8008D56B0 /* Catalogs */ = {
			isa = PBXGroup;
			children = (
				E8542EF6245B18CC008D56B0 /* UIColor.swift */,
				E8542EFA245B1CB1008D56B0 /* UITableView+CellRegistration.swift */,
				E82667E3245C074900CBAEA7 /* UIView+Corners.swift */,
				E82667EF245C5FBC00CBAEA7 /* UIImage+Resizing.swift */,
				E8F1DD792461A813002CCAF3 /* UIViewController+PresentingVC.swift */,
				E8B42F7224656FA800FBA2C8 /* UICollectionView+Cell.swift */,
				E85710362466CA2F00FEB4DD /* UIDevice+UUID.swift */,
				E8CC710B246C247E00DBCBB1 /* UIScreen+Width.swift */,
				E82B6CD9246D692400D6F38D /* UIView+Animation.swift */,
			);
			path = Catalogs;
			sourceTree = "<group>";
		};
		E8570FD9246691FA00FEB4DD /* BreedTempImages */ = {
			isa = PBXGroup;
			children = (
				E85710052466922800FEB4DD /* Active.png */,
				E8570FF72466922800FEB4DD /* Adaptable.png */,
				E8570FDD2466922700FEB4DD /* Adventurous.png */,
				E8570FE72466922700FEB4DD /* Affectionate.png */,
				E8570FF92466922800FEB4DD /* Agile.png */,
				E8570FF12466922700FEB4DD /* Alert.png */,
				E8570FFC2466922800FEB4DD /* Calm.png */,
				E8570FF52466922800FEB4DD /* Clever.png */,
				E8570FF32466922700FEB4DD /* Curious.png */,
				E8570FFB2466922800FEB4DD /* Demanding.png */,
				E8570FF22466922700FEB4DD /* Dependent.png */,
				E85710022466922800FEB4DD /* Devoted.png */,
				E8570FFD2466922800FEB4DD /* Easygoing.png */,
				E8570FF62466922800FEB4DD /* Energetic.png */,
				E8570FEE2466922700FEB4DD /* Expressive.png */,
				E85710032466922800FEB4DD /* Friendly.png */,
				E8570FDE2466922700FEB4DD /* Fun-loving.png */,
				E8570FE32466922700FEB4DD /* Gentle.png */,
				E8570FDA2466922700FEB4DD /* Highlyintelligent.png */,
				E8570FF42466922700FEB4DD /* Highlyinteractive.png */,
				E8570FFA2466922800FEB4DD /* Independent.png */,
				E8570FEA2466922700FEB4DD /* Inquisitive.png */,
				E8570FDC2466922700FEB4DD /* Intelligent.png */,
				E8570FED2466922700FEB4DD /* Interactive.png */,
				E8570FDF2466922700FEB4DD /* Lively.png */,
				E8570FE62466922700FEB4DD /* Loving.png */,
				E8570FFE2466922800FEB4DD /* Loyal.png */,
				E8570FE42466922700FEB4DD /* Mischievous.png */,
				E8570FEB2466922700FEB4DD /* Outgoing.png */,
				E85710062466922800FEB4DD /* Patient.png */,
				E8570FE02466922700FEB4DD /* Peaceful.png */,
				E8570FE82466922700FEB4DD /* Playful.png */,
				E85710072466922800FEB4DD /* Quiet.png */,
				E8570FFF2466922800FEB4DD /* Relaxed.png */,
				E8570FE92466922700FEB4DD /* Sedate.png */,
				E85710002466922800FEB4DD /* Sensible.png */,
				E8570FE52466922700FEB4DD /* Sensitive.png */,
				E8570FDB2466922700FEB4DD /* Shy.png */,
				E8570FEF2466922700FEB4DD /* Sociable.png */,
				E8570FF82466922800FEB4DD /* Social.png */,
				E8570FEC2466922700FEB4DD /* Sweet-tempered.png */,
				E8570FE12466922700FEB4DD /* Sweet.png */,
				E8570FF02466922700FEB4DD /* Talkative.png */,
				E85710012466922800FEB4DD /* Tenacious.png */,
				E8570FE22466922700FEB4DD /* Trainable.png */,
				E85710042466922800FEB4DD /* Warm.png */,
			);
			path = BreedTempImages;
			sourceTree = "<group>";
		};
		E8B42F74246575B300FBA2C8 /* Common */ = {
			isa = PBXGroup;
			children = (
				E8542EFE245B215E008D56B0 /* StyleGuide.swift */,
				E8542EEA245B12C7008D56B0 /* Strings.swift */,
				E8B42F76246575F500FBA2C8 /* Views */,
				E8B42F75246575BC00FBA2C8 /* Cells */,
			);
			path = Common;
			sourceTree = "<group>";
		};
		E8B42F75246575BC00FBA2C8 /* Cells */ = {
			isa = PBXGroup;
			children = (
				E82667ED245C5CC500CBAEA7 /* SingleBreedCollectionViewCell.swift */,
				E82667E7245C13D000CBAEA7 /* BreedDetailsCollectionViewCell.swift */,
				E84BE35224645AA300A8E1E9 /* FullScreenTableViewCell.swift */,
				E812315D245DA94100040C2B /* SingleViewFeedCell.swift */,
			);
			path = Cells;
			sourceTree = "<group>";
		};
		E8B42F76246575F500FBA2C8 /* Views */ = {
			isa = PBXGroup;
			children = (
				E8B42F7824657EDD00FBA2C8 /* BreedScrollView.swift */,
				E8B42F7C2465994400FBA2C8 /* BreedShortInfoView.swift */,
				E89EFA8B246AE41100D5D215 /* BreedFeatureView.swift */,
				E89EFA8A246AE41100D5D215 /* BreedHeaderView.swift */,
				E89EFA89246AE41100D5D215 /* HeaderDetailsView.swift */,
				E82B6CDF246D955700D6F38D /* CustomSegmentedController.swift */,
			);
			path = Views;
			sourceTree = "<group>";
		};
		E8B42F77246576DA00FBA2C8 /* Resources */ = {
			isa = PBXGroup;
			children = (
				E8570FD9246691FA00FEB4DD /* BreedTempImages */,
				E8E35FEC245AE3160088EDB2 /* Main.storyboard */,
				E8E35FF2245AE31A0088EDB2 /* Assets.xcassets */,
				E8E35FF4245AE31A0088EDB2 /* LaunchScreen.storyboard */,
				E8937937246EAF2000AB87A7 /* Localizable.strings */,
			);
			path = Resources;
			sourceTree = "<group>";
		};
		E8E35FDA245AE3160088EDB2 = {
			isa = PBXGroup;
			children = (
				E8E35FE5245AE3160088EDB2 /* Pawsome */,
				E8E35FE4245AE3160088EDB2 /* Products */,
			);
			sourceTree = "<group>";
		};
		E8E35FE4245AE3160088EDB2 /* Products */ = {
			isa = PBXGroup;
			children = (
				E8E35FE3245AE3160088EDB2 /* Pawsome.app */,
			);
			name = Products;
			sourceTree = "<group>";
		};
		E8E35FE5245AE3160088EDB2 /* Pawsome */ = {
			isa = PBXGroup;
			children = (
				E8B42F74246575B300FBA2C8 /* Common */,
				E8542EF5245B18B8008D56B0 /* Catalogs */,
				E8542EF0245B1520008D56B0 /* Screens */,
				E8542EED245B12F2008D56B0 /* Services */,
				E8542EEC245B12E0008D56B0 /* Factories */,
				E8E35FE6245AE3160088EDB2 /* AppDelegate.swift */,
				E8B42F77246576DA00FBA2C8 /* Resources */,
				E8E35FF7245AE31A0088EDB2 /* Info.plist */,
				E84BE349246448FF00A8E1E9 /* AppContext.swift */,
			);
			path = Pawsome;
			sourceTree = "<group>";
		};
/* End PBXGroup section */

/* Begin PBXNativeTarget section */
		E8E35FE2245AE3160088EDB2 /* Pawsome */ = {
			isa = PBXNativeTarget;
			buildConfigurationList = E8E35FFA245AE31A0088EDB2 /* Build configuration list for PBXNativeTarget "Pawsome" */;
			buildPhases = (
				E8E35FDF245AE3160088EDB2 /* Sources */,
				E8E35FE0245AE3160088EDB2 /* Frameworks */,
				E8E35FE1245AE3160088EDB2 /* Resources */,
			);
			buildRules = (
			);
			dependencies = (
			);
			name = Pawsome;
			productName = Pawsome;
			productReference = E8E35FE3245AE3160088EDB2 /* Pawsome.app */;
			productType = "com.apple.product-type.application";
		};
/* End PBXNativeTarget section */

/* Begin PBXProject section */
		E8E35FDB245AE3160088EDB2 /* Project object */ = {
			isa = PBXProject;
			attributes = {
				LastSwiftUpdateCheck = 1130;
				LastUpgradeCheck = 1130;
				ORGANIZATIONNAME = Marentilo;
				TargetAttributes = {
					E8E35FE2245AE3160088EDB2 = {
						CreatedOnToolsVersion = 11.3;
					};
				};
			};
			buildConfigurationList = E8E35FDE245AE3160088EDB2 /* Build configuration list for PBXProject "Pawsome" */;
			compatibilityVersion = "Xcode 9.3";
			developmentRegion = en;
			hasScannedForEncodings = 0;
			knownRegions = (
				en,
				Base,
			);
			mainGroup = E8E35FDA245AE3160088EDB2;
			productRefGroup = E8E35FE4245AE3160088EDB2 /* Products */;
			projectDirPath = "";
			projectRoot = "";
			targets = (
				E8E35FE2245AE3160088EDB2 /* Pawsome */,
			);
		};
/* End PBXProject section */

/* Begin PBXResourcesBuildPhase section */
		E8E35FE1245AE3160088EDB2 /* Resources */ = {
			isa = PBXResourcesBuildPhase;
			buildActionMask = 2147483647;
			files = (
				E85710092466922800FEB4DD /* Shy.png in Resources */,
				E85710222466922800FEB4DD /* Highlyinteractive.png in Resources */,
				E85710082466922800FEB4DD /* Highlyintelligent.png in Resources */,
				E85710342466922800FEB4DD /* Patient.png in Resources */,
				E85710102466922800FEB4DD /* Trainable.png in Resources */,
				E85710162466922800FEB4DD /* Playful.png in Resources */,
				E857101D2466922800FEB4DD /* Sociable.png in Resources */,
				E857100B2466922800FEB4DD /* Adventurous.png in Resources */,
				E85710272466922800FEB4DD /* Agile.png in Resources */,
				E85710152466922800FEB4DD /* Affectionate.png in Resources */,
				E8E35FF6245AE31A0088EDB2 /* LaunchScreen.storyboard in Resources */,
				E857102A2466922800FEB4DD /* Calm.png in Resources */,
				E857100E2466922800FEB4DD /* Peaceful.png in Resources */,
				E857101F2466922800FEB4DD /* Alert.png in Resources */,
				E857100A2466922800FEB4DD /* Intelligent.png in Resources */,
				E85710202466922800FEB4DD /* Dependent.png in Resources */,
				E85710192466922800FEB4DD /* Outgoing.png in Resources */,
				E85710312466922800FEB4DD /* Friendly.png in Resources */,
				E85710352466922800FEB4DD /* Quiet.png in Resources */,
				E85710212466922800FEB4DD /* Curious.png in Resources */,
				E857102F2466922800FEB4DD /* Tenacious.png in Resources */,
				E8E35FF3245AE31A0088EDB2 /* Assets.xcassets in Resources */,
				E857100F2466922800FEB4DD /* Sweet.png in Resources */,
				E85710172466922800FEB4DD /* Sedate.png in Resources */,
				E85710182466922800FEB4DD /* Inquisitive.png in Resources */,
				E857100C2466922800FEB4DD /* Fun-loving.png in Resources */,
				E8E35FEE245AE3160088EDB2 /* Main.storyboard in Resources */,
				E85710122466922800FEB4DD /* Mischievous.png in Resources */,
				E85710262466922800FEB4DD /* Social.png in Resources */,
				E85710282466922800FEB4DD /* Independent.png in Resources */,
				E85710292466922800FEB4DD /* Demanding.png in Resources */,
				E85710242466922800FEB4DD /* Energetic.png in Resources */,
				E857102E2466922800FEB4DD /* Sensible.png in Resources */,
				E85710142466922800FEB4DD /* Loving.png in Resources */,
				E85710232466922800FEB4DD /* Clever.png in Resources */,
				E8937938246EAF2000AB87A7 /* Localizable.strings in Resources */,
				E857102B2466922800FEB4DD /* Easygoing.png in Resources */,
				E857101A2466922800FEB4DD /* Sweet-tempered.png in Resources */,
				E85710132466922800FEB4DD /* Sensitive.png in Resources */,
				E85710112466922800FEB4DD /* Gentle.png in Resources */,
				E857102D2466922800FEB4DD /* Relaxed.png in Resources */,
				E857101B2466922800FEB4DD /* Interactive.png in Resources */,
				E857100D2466922800FEB4DD /* Lively.png in Resources */,
				E85710252466922800FEB4DD /* Adaptable.png in Resources */,
				E857102C2466922800FEB4DD /* Loyal.png in Resources */,
				E85710322466922800FEB4DD /* Warm.png in Resources */,
				E85710302466922800FEB4DD /* Devoted.png in Resources */,
				E85710332466922800FEB4DD /* Active.png in Resources */,
				E857101C2466922800FEB4DD /* Expressive.png in Resources */,
				E857101E2466922800FEB4DD /* Talkative.png in Resources */,
			);
			runOnlyForDeploymentPostprocessing = 0;
		};
/* End PBXResourcesBuildPhase section */

/* Begin PBXSourcesBuildPhase section */
		E8E35FDF245AE3160088EDB2 /* Sources */ = {
			isa = PBXSourcesBuildPhase;
			buildActionMask = 2147483647;
			files = (
				E8BC3B822465C06100C839D4 /* Button.swift in Sources */,
				E8BC3B802465B3C200C839D4 /* UserDefaultService.swift in Sources */,
				E812315C245D7DDC00040C2B /* CatFeedlayout.swift in Sources */,
				E82667F0245C5FBC00CBAEA7 /* UIImage+Resizing.swift in Sources */,
				E8B42F7B24657F1600FBA2C8 /* SavedImagesViewController.swift in Sources */,
				E82B6CE0246D955700D6F38D /* CustomSegmentedController.swift in Sources */,
				E812315E245DA94100040C2B /* SingleViewFeedCell.swift in Sources */,
				E82667EE245C5CC500CBAEA7 /* SingleBreedCollectionViewCell.swift in Sources */,
				E8542EF7245B18CC008D56B0 /* UIColor.swift in Sources */,
				E89EFA8D246AE41100D5D215 /* BreedHeaderView.swift in Sources */,
				E8B42F7924657EDD00FBA2C8 /* BreedScrollView.swift in Sources */,
				E8542EEB245B12C7008D56B0 /* Strings.swift in Sources */,
				E82667E4245C074900CBAEA7 /* UIView+Corners.swift in Sources */,
				E84BE34A246448FF00A8E1E9 /* AppContext.swift in Sources */,
				E8542EEF245B130A008D56B0 /* NetworkService.swift in Sources */,
				E8542EFB245B1CB1008D56B0 /* UITableView+CellRegistration.swift in Sources */,
				E82667E2245C059900CBAEA7 /* FeedCollectionViewController.swift in Sources */,
				E82B6CDA246D692400D6F38D /* UIView+Animation.swift in Sources */,
				E84BE351246457A600A8E1E9 /* FullScrenViewModel.swift in Sources */,
				E82667EC245C4B7C00CBAEA7 /* Label.swift in Sources */,
				E85710372466CA2F00FEB4DD /* UIDevice+UUID.swift in Sources */,
				E8B42F7D2465994400FBA2C8 /* BreedShortInfoView.swift in Sources */,
				E8F1DD7A2461A813002CCAF3 /* UIViewController+PresentingVC.swift in Sources */,
				E82667E8245C13D000CBAEA7 /* BreedDetailsCollectionViewCell.swift in Sources */,
				E8BC3B842465C18B00C839D4 /* SavedImagesViewModel.swift in Sources */,
				E8542EF9245B1BB9008D56B0 /* BreedsCollectionViewController.swift in Sources */,
				E81ECDE42460440100E9A63E /* FeedViewModel.swift in Sources */,
				E84BE34F2464573400A8E1E9 /* FullScreenViewController.swift in Sources */,
				E81ECDE224603F4800E9A63E /* BreedViewModel.swift in Sources */,
				E8542EF2245B1556008D56B0 /* SingleBreedViewController.swift in Sources */,
				E8542EFD245B1D7D008D56B0 /* RootTabBarViewController.swift in Sources */,
				E8B42F7324656FA800FBA2C8 /* UICollectionView+Cell.swift in Sources */,
				E89EFA8C246AE41100D5D215 /* HeaderDetailsView.swift in Sources */,
				E89EFA8E246AE41100D5D215 /* BreedFeatureView.swift in Sources */,
				E8F1DD7824618E71002CCAF3 /* BreedShortInfoViewController.swift in Sources */,
				E8542EFF245B215E008D56B0 /* StyleGuide.swift in Sources */,
				E8CC710C246C247E00DBCBB1 /* UIScreen+Width.swift in Sources */,
				E8E35FE7245AE3160088EDB2 /* AppDelegate.swift in Sources */,
				E84BE35324645AA300A8E1E9 /* FullScreenTableViewCell.swift in Sources */,
				E84BE34C24644A6000A8E1E9 /* FileManagerService.swift in Sources */,
			);
			runOnlyForDeploymentPostprocessing = 0;
		};
/* End PBXSourcesBuildPhase section */

/* Begin PBXVariantGroup section */
		E8E35FEC245AE3160088EDB2 /* Main.storyboard */ = {
			isa = PBXVariantGroup;
			children = (
				E8E35FED245AE3160088EDB2 /* Base */,
			);
			name = Main.storyboard;
			sourceTree = "<group>";
		};
		E8E35FF4245AE31A0088EDB2 /* LaunchScreen.storyboard */ = {
			isa = PBXVariantGroup;
			children = (
				E8E35FF5245AE31A0088EDB2 /* Base */,
			);
			name = LaunchScreen.storyboard;
			sourceTree = "<group>";
		};
/* End PBXVariantGroup section */

/* Begin XCBuildConfiguration section */
		E8E35FF8245AE31A0088EDB2 /* Debug */ = {
			isa = XCBuildConfiguration;
			buildSettings = {
				ALWAYS_SEARCH_USER_PATHS = NO;
				CLANG_ANALYZER_NONNULL = YES;
				CLANG_ANALYZER_NUMBER_OBJECT_CONVERSION = YES_AGGRESSIVE;
				CLANG_CXX_LANGUAGE_STANDARD = "gnu++14";
				CLANG_CXX_LIBRARY = "libc++";
				CLANG_ENABLE_MODULES = YES;
				CLANG_ENABLE_OBJC_ARC = YES;
				CLANG_ENABLE_OBJC_WEAK = YES;
				CLANG_WARN_BLOCK_CAPTURE_AUTORELEASING = YES;
				CLANG_WARN_BOOL_CONVERSION = YES;
				CLANG_WARN_COMMA = YES;
				CLANG_WARN_CONSTANT_CONVERSION = YES;
				CLANG_WARN_DEPRECATED_OBJC_IMPLEMENTATIONS = YES;
				CLANG_WARN_DIRECT_OBJC_ISA_USAGE = YES_ERROR;
				CLANG_WARN_DOCUMENTATION_COMMENTS = YES;
				CLANG_WARN_EMPTY_BODY = YES;
				CLANG_WARN_ENUM_CONVERSION = YES;
				CLANG_WARN_INFINITE_RECURSION = YES;
				CLANG_WARN_INT_CONVERSION = YES;
				CLANG_WARN_NON_LITERAL_NULL_CONVERSION = YES;
				CLANG_WARN_OBJC_IMPLICIT_RETAIN_SELF = YES;
				CLANG_WARN_OBJC_LITERAL_CONVERSION = YES;
				CLANG_WARN_OBJC_ROOT_CLASS = YES_ERROR;
				CLANG_WARN_RANGE_LOOP_ANALYSIS = YES;
				CLANG_WARN_STRICT_PROTOTYPES = YES;
				CLANG_WARN_SUSPICIOUS_MOVE = YES;
				CLANG_WARN_UNGUARDED_AVAILABILITY = YES_AGGRESSIVE;
				CLANG_WARN_UNREACHABLE_CODE = YES;
				CLANG_WARN__DUPLICATE_METHOD_MATCH = YES;
				COPY_PHASE_STRIP = NO;
				DEBUG_INFORMATION_FORMAT = dwarf;
				ENABLE_STRICT_OBJC_MSGSEND = YES;
				ENABLE_TESTABILITY = YES;
				GCC_C_LANGUAGE_STANDARD = gnu11;
				GCC_DYNAMIC_NO_PIC = NO;
				GCC_NO_COMMON_BLOCKS = YES;
				GCC_OPTIMIZATION_LEVEL = 0;
				GCC_PREPROCESSOR_DEFINITIONS = (
					"DEBUG=1",
					"$(inherited)",
				);
				GCC_WARN_64_TO_32_BIT_CONVERSION = YES;
				GCC_WARN_ABOUT_RETURN_TYPE = YES_ERROR;
				GCC_WARN_UNDECLARED_SELECTOR = YES;
				GCC_WARN_UNINITIALIZED_AUTOS = YES_AGGRESSIVE;
				GCC_WARN_UNUSED_FUNCTION = YES;
				GCC_WARN_UNUSED_VARIABLE = YES;
				IPHONEOS_DEPLOYMENT_TARGET = 13.2;
				MTL_ENABLE_DEBUG_INFO = INCLUDE_SOURCE;
				MTL_FAST_MATH = YES;
				ONLY_ACTIVE_ARCH = YES;
				SDKROOT = iphoneos;
				SWIFT_ACTIVE_COMPILATION_CONDITIONS = DEBUG;
				SWIFT_OPTIMIZATION_LEVEL = "-Onone";
			};
			name = Debug;
		};
		E8E35FF9245AE31A0088EDB2 /* Release */ = {
			isa = XCBuildConfiguration;
			buildSettings = {
				ALWAYS_SEARCH_USER_PATHS = NO;
				CLANG_ANALYZER_NONNULL = YES;
				CLANG_ANALYZER_NUMBER_OBJECT_CONVERSION = YES_AGGRESSIVE;
				CLANG_CXX_LANGUAGE_STANDARD = "gnu++14";
				CLANG_CXX_LIBRARY = "libc++";
				CLANG_ENABLE_MODULES = YES;
				CLANG_ENABLE_OBJC_ARC = YES;
				CLANG_ENABLE_OBJC_WEAK = YES;
				CLANG_WARN_BLOCK_CAPTURE_AUTORELEASING = YES;
				CLANG_WARN_BOOL_CONVERSION = YES;
				CLANG_WARN_COMMA = YES;
				CLANG_WARN_CONSTANT_CONVERSION = YES;
				CLANG_WARN_DEPRECATED_OBJC_IMPLEMENTATIONS = YES;
				CLANG_WARN_DIRECT_OBJC_ISA_USAGE = YES_ERROR;
				CLANG_WARN_DOCUMENTATION_COMMENTS = YES;
				CLANG_WARN_EMPTY_BODY = YES;
				CLANG_WARN_ENUM_CONVERSION = YES;
				CLANG_WARN_INFINITE_RECURSION = YES;
				CLANG_WARN_INT_CONVERSION = YES;
				CLANG_WARN_NON_LITERAL_NULL_CONVERSION = YES;
				CLANG_WARN_OBJC_IMPLICIT_RETAIN_SELF = YES;
				CLANG_WARN_OBJC_LITERAL_CONVERSION = YES;
				CLANG_WARN_OBJC_ROOT_CLASS = YES_ERROR;
				CLANG_WARN_RANGE_LOOP_ANALYSIS = YES;
				CLANG_WARN_STRICT_PROTOTYPES = YES;
				CLANG_WARN_SUSPICIOUS_MOVE = YES;
				CLANG_WARN_UNGUARDED_AVAILABILITY = YES_AGGRESSIVE;
				CLANG_WARN_UNREACHABLE_CODE = YES;
				CLANG_WARN__DUPLICATE_METHOD_MATCH = YES;
				COPY_PHASE_STRIP = NO;
				DEBUG_INFORMATION_FORMAT = "dwarf-with-dsym";
				ENABLE_NS_ASSERTIONS = NO;
				ENABLE_STRICT_OBJC_MSGSEND = YES;
				GCC_C_LANGUAGE_STANDARD = gnu11;
				GCC_NO_COMMON_BLOCKS = YES;
				GCC_WARN_64_TO_32_BIT_CONVERSION = YES;
				GCC_WARN_ABOUT_RETURN_TYPE = YES_ERROR;
				GCC_WARN_UNDECLARED_SELECTOR = YES;
				GCC_WARN_UNINITIALIZED_AUTOS = YES_AGGRESSIVE;
				GCC_WARN_UNUSED_FUNCTION = YES;
				GCC_WARN_UNUSED_VARIABLE = YES;
				IPHONEOS_DEPLOYMENT_TARGET = 13.2;
				MTL_ENABLE_DEBUG_INFO = NO;
				MTL_FAST_MATH = YES;
				SDKROOT = iphoneos;
				SWIFT_COMPILATION_MODE = wholemodule;
				SWIFT_OPTIMIZATION_LEVEL = "-O";
				VALIDATE_PRODUCT = YES;
			};
			name = Release;
		};
		E8E35FFB245AE31A0088EDB2 /* Debug */ = {
			isa = XCBuildConfiguration;
			buildSettings = {
				ASSETCATALOG_COMPILER_APPICON_NAME = AppIcon;
				CODE_SIGN_STYLE = Automatic;
				DEVELOPMENT_TEAM = 4Y5NM4C9D2;
				INFOPLIST_FILE = Pawsome/Info.plist;
				IPHONEOS_DEPLOYMENT_TARGET = 12.2;
				LD_RUNPATH_SEARCH_PATHS = (
					"$(inherited)",
					"@executable_path/Frameworks",
				);
				PRODUCT_BUNDLE_IDENTIFIER = "Bilous-Aleksandr.Pawsome";
				PRODUCT_NAME = "$(TARGET_NAME)";
				SWIFT_VERSION = 5.0;
				TARGETED_DEVICE_FAMILY = 1;
			};
			name = Debug;
		};
		E8E35FFC245AE31A0088EDB2 /* Release */ = {
			isa = XCBuildConfiguration;
			buildSettings = {
				ASSETCATALOG_COMPILER_APPICON_NAME = AppIcon;
				CODE_SIGN_STYLE = Automatic;
				DEVELOPMENT_TEAM = 4Y5NM4C9D2;
				INFOPLIST_FILE = Pawsome/Info.plist;
				IPHONEOS_DEPLOYMENT_TARGET = 12.2;
				LD_RUNPATH_SEARCH_PATHS = (
					"$(inherited)",
					"@executable_path/Frameworks",
				);
				PRODUCT_BUNDLE_IDENTIFIER = "Bilous-Aleksandr.Pawsome";
				PRODUCT_NAME = "$(TARGET_NAME)";
				SWIFT_VERSION = 5.0;
				TARGETED_DEVICE_FAMILY = 1;
			};
			name = Release;
		};
/* End XCBuildConfiguration section */

/* Begin XCConfigurationList section */
		E8E35FDE245AE3160088EDB2 /* Build configuration list for PBXProject "Pawsome" */ = {
			isa = XCConfigurationList;
			buildConfigurations = (
				E8E35FF8245AE31A0088EDB2 /* Debug */,
				E8E35FF9245AE31A0088EDB2 /* Release */,
			);
			defaultConfigurationIsVisible = 0;
			defaultConfigurationName = Release;
		};
		E8E35FFA245AE31A0088EDB2 /* Build configuration list for PBXNativeTarget "Pawsome" */ = {
			isa = XCConfigurationList;
			buildConfigurations = (
				E8E35FFB245AE31A0088EDB2 /* Debug */,
				E8E35FFC245AE31A0088EDB2 /* Release */,
			);
			defaultConfigurationIsVisible = 0;
			defaultConfigurationName = Release;
		};
/* End XCConfigurationList section */
	};
	rootObject = E8E35FDB245AE3160088EDB2 /* Project object */;
}
